
Microsoft Visual Studio Solution File, Format Version 12.00
# Visual Studio 14
VisualStudioVersion = 14.0.25420.1
MinimumVisualStudioVersion = 10.0.40219.1
Project("{2150E333-8FDC-42A3-9474-1A3956D46DE8}") = "iFramework", "iFramework", "{87E489A9-46B4-4FB8-9F6B-085FBB27C3B7}"
EndProject
Project("{2150E333-8FDC-42A3-9474-1A3956D46DE8}") = "Sample", "Sample", "{2540921D-94A3-43F0-92AA-0231B8AB244C}"
EndProject
Project("{2150E333-8FDC-42A3-9474-1A3956D46DE8}") = "iPlugins", "iPlugins", "{C50A9449-A6FB-4758-8584-6E03345F91CC}"
EndProject
Project("{FAE04EC0-301F-11D3-BF4B-00C04F79EFBC}") = "IFramework4.5.1", "iFramework\IFramework4.5.1.csproj", "{0B36292C-8849-441D-8FB8-A053D43A8E72}"
EndProject
Project("{FAE04EC0-301F-11D3-BF4B-00C04F79EFBC}") = "IFramework.Log4Net4.5.1", "iFramework.Plugins\IFramework.Log4Net\IFramework.Log4Net4.5.1.csproj", "{8EDC415A-2E94-402A-81F0-BAF71A3BF6D7}"
EndProject
Project("{FAE04EC0-301F-11D3-BF4B-00C04F79EFBC}") = "IFramework.MessageStoring.EntityFramework4.6", "iFramework.Plugins\IFramework.MessageStore.EntityFramework\IFramework.MessageStoring.EntityFramework4.6.csproj", "{78F72AB4-4F97-4B82-99EA-EB2D46CB63CA}"
EndProject
Project("{FAE04EC0-301F-11D3-BF4B-00C04F79EFBC}") = "IFramework.AspNet", "iFramework.Plugins\IFramework.WebApi\IFramework.AspNet.csproj", "{BAFCA280-6B58-44E8-B0E7-ED6F51C0EAEC}"
EndProject
Project("{FAE04EC0-301F-11D3-BF4B-00C04F79EFBC}") = "IFramework.EntityFramework4.5.1", "iFramework.Plugins\iFramework.Infrastructure.EntityFramework\IFramework.EntityFramework4.5.1.csproj", "{C00B8AD6-47C2-4642-877E-2C759D05DCFE}"
EndProject
Project("{FAE04EC0-301F-11D3-BF4B-00C04F79EFBC}") = "IFramework.MessageQueue.ServiceBus4.6", "iFramework.Plugins\IFramework.MessageQueue.ServiceBus\IFramework.MessageQueue.ServiceBus4.6.csproj", "{081BB2EB-CC5D-4512-B61E-917CD7AA795D}"
EndProject
Project("{FAE04EC0-301F-11D3-BF4B-00C04F79EFBC}") = "IFramework.Tests", "IFramework4.5Tests\IFramework.Tests.csproj", "{5B27A727-B95D-49EC-8B70-76C5354D9098}"
EndProject
Project("{FAE04EC0-301F-11D3-BF4B-00C04F79EFBC}") = "ServiceBusTest", "iFramework.Plugins\ServiceBusTest\ServiceBusTest.csproj", "{A17CA38B-2790-4DC5-8AF9-C7F63BFBBB1F}"
EndProject
Project("{FAE04EC0-301F-11D3-BF4B-00C04F79EFBC}") = "Sample.ApplicationEventSubscriber", "Sample\ApplicationEventSubscriber\Sample.ApplicationEventSubscriber.csproj", "{46731C1C-71C7-474A-9BE7-45F3CAA755F9}"
EndProject
Project("{FAE04EC0-301F-11D3-BF4B-00C04F79EFBC}") = "Sample.AsyncDomainEventSubscriber", "Sample\AsyncDomainEventSubscriber\Sample.AsyncDomainEventSubscriber.csproj", "{EF03000D-E2D6-4C8D-B848-5B9635246C27}"
EndProject
Project("{FAE04EC0-301F-11D3-BF4B-00C04F79EFBC}") = "Sample.Command", "Sample\Sample.Command\Sample.Command.csproj", "{1E6D9A9A-AB62-4450-B589-2F434462DFE9}"
EndProject
Project("{FAE04EC0-301F-11D3-BF4B-00C04F79EFBC}") = "Sample.CommandHandler", "Sample\Sample.CommandHandler\Sample.CommandHandler.csproj", "{6760EA99-C3B6-4CB2-92EB-945AB3C3B04A}"
EndProject
Project("{FAE04EC0-301F-11D3-BF4B-00C04F79EFBC}") = "Sample.CommandService", "Sample\Sample.CommandService\Sample.CommandService.csproj", "{B7F4EECD-970B-4D00-B11C-65F36B3EC590}"
EndProject
Project("{FAE04EC0-301F-11D3-BF4B-00C04F79EFBC}") = "Sample.Domain", "Sample\Sample.Domain\Sample.Domain.csproj", "{F1F1B380-F3A0-463E-8686-3AF27962C100}"
EndProject
Project("{FAE04EC0-301F-11D3-BF4B-00C04F79EFBC}") = "Sample.DomainEvents", "Sample\Sample.DomainEvent\Sample.DomainEvents.csproj", "{AF5512AA-CAF1-4066-90BD-EFB9B951FE18}"
EndProject
Project("{FAE04EC0-301F-11D3-BF4B-00C04F79EFBC}") = "Sample.DomainEventSubscriber", "Sample\Sample.DomainEventHandler\Sample.DomainEventSubscriber.csproj", "{428E547A-E371-4059-843A-33166D0FD80B}"
EndProject
Project("{FAE04EC0-301F-11D3-BF4B-00C04F79EFBC}") = "Sample.DTO", "Sample\Sample.DTO\Sample.DTO.csproj", "{279B5EE0-22CA-4672-BE92-9B6658DCDAE3}"
EndProject
Project("{FAE04EC0-301F-11D3-BF4B-00C04F79EFBC}") = "Sample.Persistence", "Sample\Sample.Persistence\Sample.Persistence.csproj", "{07B18368-3D3F-4C12-B2F1-E38FC709226A}"
EndProject
Project("{FAE04EC0-301F-11D3-BF4B-00C04F79EFBC}") = "Sample.ApplicationEvent", "Sample\Sample.ApplicationEvent\Sample.ApplicationEvent.csproj", "{7C17F97F-3515-4A1B-AEAD-01689D087DE0}"
EndProject
Project("{FAE04EC0-301F-11D3-BF4B-00C04F79EFBC}") = "Sample.CommandHttpClient", "Sample\Sample.CommandHttpClient\Sample.CommandHttpClient.csproj", "{20165B82-F0C3-439C-91BB-AFCC731DCFEE}"
EndProject
Project("{FAE04EC0-301F-11D3-BF4B-00C04F79EFBC}") = "Sample.CommandServiceTests", "Sample\Sample.CommandServiceTests\Sample.CommandServiceTests.csproj", "{FC17A405-80E6-4485-B311-4F68D6454CEE}"
EndProject
Project("{FAE04EC0-301F-11D3-BF4B-00C04F79EFBC}") = "IFramework.MessageQueue.ZeroMQ", "iFramework.Plugins\iFramework.MessageQueue.ZeroMQ\IFramework.MessageQueue.ZeroMQ.csproj", "{9636759C-63BC-470E-B95C-E120FBCB830B}"
EndProject
Project("{FAE04EC0-301F-11D3-BF4B-00C04F79EFBC}") = "IFramework.SingleSignOn", "iFramework.Plugins\IFramework.SingleSignOn\IFramework.SingleSignOn.csproj", "{6554CD55-20A4-4200-9C70-E14D61F2B30A}"
EndProject
Project("{FAE04EC0-301F-11D3-BF4B-00C04F79EFBC}") = "IFramework.Sample.AuthWeb", "iFramework.Plugins\IFramework.Sample.AuthWeb\IFramework.Sample.AuthWeb.csproj", "{2600160C-F89E-4F29-9A30-FA0F50022013}"
EndProject
Project("{FAE04EC0-301F-11D3-BF4B-00C04F79EFBC}") = "IFramework.Infrastructure.WebAuthentication", "iFramework.Plugins\IFramework.Infrastructure.Authentication\IFramework.Infrastructure.WebAuthentication.csproj", "{9EB89F05-AD00-4F39-A51F-A352E488F8CD}"
EndProject
Project("{2150E333-8FDC-42A3-9474-1A3956D46DE8}") = "MessageQueue", "MessageQueue", "{9C513800-FD27-4334-85AF-97352A71A829}"
EndProject
Project("{2150E333-8FDC-42A3-9474-1A3956D46DE8}") = "IoC", "IoC", "{0AECD7C5-8232-41F2-ADFA-78CA30C56690}"
EndProject
Project("{2150E333-8FDC-42A3-9474-1A3956D46DE8}") = "DAL", "DAL", "{78358E57-4F47-4581-A094-995B4FE9A24B}"
EndProject
Project("{FAE04EC0-301F-11D3-BF4B-00C04F79EFBC}") = "IFramework.MessageQueue.MSKafka", "iFramework.Plugins\IFramework.MessageQueue.Kafka\IFramework.MessageQueue.MSKafka.csproj", "{C52B89CF-D3A6-48FC-BA3B-0DAFF977FA6E}"
EndProject
Project("{FAE04EC0-301F-11D3-BF4B-00C04F79EFBC}") = "MSKafka.Test", "iFramework.Plugins\MSKafka.Test\MSKafka.Test.csproj", "{E25B1872-A666-4995-A7C3-C517DBE3E5C8}"
EndProject
Project("{2150E333-8FDC-42A3-9474-1A3956D46DE8}") = "Kafka", "Kafka", "{3BE1E22F-5A4C-4472-8E03-F965D537294E}"
EndProject
Project("{2150E333-8FDC-42A3-9474-1A3956D46DE8}") = "ServiceBus", "ServiceBus", "{C1B3A80A-26A9-4775-9ADB-2414845CCE48}"
EndProject
Project("{FAE04EC0-301F-11D3-BF4B-00C04F79EFBC}") = "IFramework.Autofac", "iFramework.Plugins\IFramework.Autofac\IFramework.Autofac.csproj", "{85AF5F30-37AC-4B1E-BC74-C84EE031ECC4}"
EndProject
Project("{FAE04EC0-301F-11D3-BF4B-00C04F79EFBC}") = "IFramework.Unity", "iFramework.Plugins\IFramework.Unity\IFramework.Unity.csproj", "{57F61E21-4D31-4CE0-9DFB-7BE6A113654A}"
EndProject
Project("{FAE04EC0-301F-11D3-BF4B-00C04F79EFBC}") = "IFramework.Unity.Mvc", "iFramework.Plugins\IFramework.Unity.Mvc\IFramework.Unity.Mvc.csproj", "{4BA12353-086C-41CE-A13E-CD217D40F66E}"
EndProject
Project("{FAE04EC0-301F-11D3-BF4B-00C04F79EFBC}") = "IFramework.IoC.WebApi", "iFramework.Plugins\IFramework.Unity.WebApi\IFramework.IoC.WebApi.csproj", "{A884C005-0DB4-4325-99DA-C828066F1F09}"
EndProject
Project("{FAE04EC0-301F-11D3-BF4B-00C04F79EFBC}") = "IFrameowrk.IoCTests", "iFramework.Plugins\IFramework.IoCTests\IFrameowrk.IoCTests.csproj", "{F1A4C571-19EC-4D8E-9E01-B898AB420FDB}"
EndProject
Project("{FAE04EC0-301F-11D3-BF4B-00C04F79EFBC}") = "Sample.CommandConsumer", "Sample\Sample.CommandConsumer\Sample.CommandConsumer.csproj", "{477FF6DA-AAD2-4FF7-82D6-3D6F029E8B11}"
EndProject
Project("{2150E333-8FDC-42A3-9474-1A3956D46DE8}") = "equeue", "equeue", "{9EBB3C53-3EC8-4E7D-A0A0-B67E369E3279}"
EndProject
Project("{2150E333-8FDC-42A3-9474-1A3956D46DE8}") = "zeromq", "zeromq", "{FB8515D1-6491-4E9A-87DB-1B154079C817}"
EndProject
Project("{FAE04EC0-301F-11D3-BF4B-00C04F79EFBC}") = "IFramework.MessageQueue.EQueue", "iFramework.Plugins\IFramework.MessageQueue.EQueue\IFramework.MessageQueue.EQueue.csproj", "{02129813-B7EB-4C7E-AEBA-F7C5D40071F9}"
EndProject
Project("{FAE04EC0-301F-11D3-BF4B-00C04F79EFBC}") = "EQueueBroker", "iFramework.Plugins\EQueueBroker\EQueueBroker.csproj", "{E1EA3CB6-4AEF-4DC6-8FCE-7ECBCD2A54FF}"
EndProject
Global
	GlobalSection(SolutionConfigurationPlatforms) = preSolution
		Debug|Any CPU = Debug|Any CPU
		Release|Any CPU = Release|Any CPU
	EndGlobalSection
	GlobalSection(ProjectConfigurationPlatforms) = postSolution
		{0B36292C-8849-441D-8FB8-A053D43A8E72}.Debug|Any CPU.ActiveCfg = Debug|Any CPU
		{0B36292C-8849-441D-8FB8-A053D43A8E72}.Debug|Any CPU.Build.0 = Debug|Any CPU
		{0B36292C-8849-441D-8FB8-A053D43A8E72}.Release|Any CPU.ActiveCfg = Release|Any CPU
		{0B36292C-8849-441D-8FB8-A053D43A8E72}.Release|Any CPU.Build.0 = Release|Any CPU
		{8EDC415A-2E94-402A-81F0-BAF71A3BF6D7}.Debug|Any CPU.ActiveCfg = Debug|Any CPU
		{8EDC415A-2E94-402A-81F0-BAF71A3BF6D7}.Debug|Any CPU.Build.0 = Debug|Any CPU
		{8EDC415A-2E94-402A-81F0-BAF71A3BF6D7}.Release|Any CPU.ActiveCfg = Release|Any CPU
		{8EDC415A-2E94-402A-81F0-BAF71A3BF6D7}.Release|Any CPU.Build.0 = Release|Any CPU
		{78F72AB4-4F97-4B82-99EA-EB2D46CB63CA}.Debug|Any CPU.ActiveCfg = Debug|Any CPU
		{78F72AB4-4F97-4B82-99EA-EB2D46CB63CA}.Debug|Any CPU.Build.0 = Debug|Any CPU
		{78F72AB4-4F97-4B82-99EA-EB2D46CB63CA}.Release|Any CPU.ActiveCfg = Release|Any CPU
		{78F72AB4-4F97-4B82-99EA-EB2D46CB63CA}.Release|Any CPU.Build.0 = Release|Any CPU
		{BAFCA280-6B58-44E8-B0E7-ED6F51C0EAEC}.Debug|Any CPU.ActiveCfg = Debug|Any CPU
		{BAFCA280-6B58-44E8-B0E7-ED6F51C0EAEC}.Debug|Any CPU.Build.0 = Debug|Any CPU
		{BAFCA280-6B58-44E8-B0E7-ED6F51C0EAEC}.Release|Any CPU.ActiveCfg = Release|Any CPU
		{BAFCA280-6B58-44E8-B0E7-ED6F51C0EAEC}.Release|Any CPU.Build.0 = Release|Any CPU
		{C00B8AD6-47C2-4642-877E-2C759D05DCFE}.Debug|Any CPU.ActiveCfg = Debug|Any CPU
		{C00B8AD6-47C2-4642-877E-2C759D05DCFE}.Debug|Any CPU.Build.0 = Debug|Any CPU
		{C00B8AD6-47C2-4642-877E-2C759D05DCFE}.Release|Any CPU.ActiveCfg = Release|Any CPU
		{C00B8AD6-47C2-4642-877E-2C759D05DCFE}.Release|Any CPU.Build.0 = Release|Any CPU
		{081BB2EB-CC5D-4512-B61E-917CD7AA795D}.Debug|Any CPU.ActiveCfg = Debug|Any CPU
		{081BB2EB-CC5D-4512-B61E-917CD7AA795D}.Debug|Any CPU.Build.0 = Debug|Any CPU
		{081BB2EB-CC5D-4512-B61E-917CD7AA795D}.Release|Any CPU.ActiveCfg = Release|Any CPU
		{081BB2EB-CC5D-4512-B61E-917CD7AA795D}.Release|Any CPU.Build.0 = Release|Any CPU
		{5B27A727-B95D-49EC-8B70-76C5354D9098}.Debug|Any CPU.ActiveCfg = Debug|Any CPU
		{5B27A727-B95D-49EC-8B70-76C5354D9098}.Debug|Any CPU.Build.0 = Debug|Any CPU
		{5B27A727-B95D-49EC-8B70-76C5354D9098}.Release|Any CPU.ActiveCfg = Release|Any CPU
		{5B27A727-B95D-49EC-8B70-76C5354D9098}.Release|Any CPU.Build.0 = Release|Any CPU
		{A17CA38B-2790-4DC5-8AF9-C7F63BFBBB1F}.Debug|Any CPU.ActiveCfg = Debug|Any CPU
		{A17CA38B-2790-4DC5-8AF9-C7F63BFBBB1F}.Debug|Any CPU.Build.0 = Debug|Any CPU
		{A17CA38B-2790-4DC5-8AF9-C7F63BFBBB1F}.Release|Any CPU.ActiveCfg = Release|Any CPU
		{A17CA38B-2790-4DC5-8AF9-C7F63BFBBB1F}.Release|Any CPU.Build.0 = Release|Any CPU
		{46731C1C-71C7-474A-9BE7-45F3CAA755F9}.Debug|Any CPU.ActiveCfg = Debug|Any CPU
		{46731C1C-71C7-474A-9BE7-45F3CAA755F9}.Debug|Any CPU.Build.0 = Debug|Any CPU
		{46731C1C-71C7-474A-9BE7-45F3CAA755F9}.Release|Any CPU.ActiveCfg = Release|Any CPU
		{46731C1C-71C7-474A-9BE7-45F3CAA755F9}.Release|Any CPU.Build.0 = Release|Any CPU
		{EF03000D-E2D6-4C8D-B848-5B9635246C27}.Debug|Any CPU.ActiveCfg = Debug|Any CPU
		{EF03000D-E2D6-4C8D-B848-5B9635246C27}.Debug|Any CPU.Build.0 = Debug|Any CPU
		{EF03000D-E2D6-4C8D-B848-5B9635246C27}.Release|Any CPU.ActiveCfg = Release|Any CPU
		{EF03000D-E2D6-4C8D-B848-5B9635246C27}.Release|Any CPU.Build.0 = Release|Any CPU
		{1E6D9A9A-AB62-4450-B589-2F434462DFE9}.Debug|Any CPU.ActiveCfg = Debug|Any CPU
		{1E6D9A9A-AB62-4450-B589-2F434462DFE9}.Debug|Any CPU.Build.0 = Debug|Any CPU
		{1E6D9A9A-AB62-4450-B589-2F434462DFE9}.Release|Any CPU.ActiveCfg = Release|Any CPU
		{1E6D9A9A-AB62-4450-B589-2F434462DFE9}.Release|Any CPU.Build.0 = Release|Any CPU
		{6760EA99-C3B6-4CB2-92EB-945AB3C3B04A}.Debug|Any CPU.ActiveCfg = Debug|Any CPU
		{6760EA99-C3B6-4CB2-92EB-945AB3C3B04A}.Debug|Any CPU.Build.0 = Debug|Any CPU
		{6760EA99-C3B6-4CB2-92EB-945AB3C3B04A}.Release|Any CPU.ActiveCfg = Release|Any CPU
		{6760EA99-C3B6-4CB2-92EB-945AB3C3B04A}.Release|Any CPU.Build.0 = Release|Any CPU
		{B7F4EECD-970B-4D00-B11C-65F36B3EC590}.Debug|Any CPU.ActiveCfg = Debug|Any CPU
		{B7F4EECD-970B-4D00-B11C-65F36B3EC590}.Debug|Any CPU.Build.0 = Debug|Any CPU
		{B7F4EECD-970B-4D00-B11C-65F36B3EC590}.Release|Any CPU.ActiveCfg = Release|Any CPU
		{B7F4EECD-970B-4D00-B11C-65F36B3EC590}.Release|Any CPU.Build.0 = Release|Any CPU
		{F1F1B380-F3A0-463E-8686-3AF27962C100}.Debug|Any CPU.ActiveCfg = Debug|Any CPU
		{F1F1B380-F3A0-463E-8686-3AF27962C100}.Debug|Any CPU.Build.0 = Debug|Any CPU
		{F1F1B380-F3A0-463E-8686-3AF27962C100}.Release|Any CPU.ActiveCfg = Release|Any CPU
		{F1F1B380-F3A0-463E-8686-3AF27962C100}.Release|Any CPU.Build.0 = Release|Any CPU
		{AF5512AA-CAF1-4066-90BD-EFB9B951FE18}.Debug|Any CPU.ActiveCfg = Debug|Any CPU
		{AF5512AA-CAF1-4066-90BD-EFB9B951FE18}.Debug|Any CPU.Build.0 = Debug|Any CPU
		{AF5512AA-CAF1-4066-90BD-EFB9B951FE18}.Release|Any CPU.ActiveCfg = Release|Any CPU
		{AF5512AA-CAF1-4066-90BD-EFB9B951FE18}.Release|Any CPU.Build.0 = Release|Any CPU
		{428E547A-E371-4059-843A-33166D0FD80B}.Debug|Any CPU.ActiveCfg = Debug|Any CPU
		{428E547A-E371-4059-843A-33166D0FD80B}.Debug|Any CPU.Build.0 = Debug|Any CPU
		{428E547A-E371-4059-843A-33166D0FD80B}.Release|Any CPU.ActiveCfg = Release|Any CPU
		{428E547A-E371-4059-843A-33166D0FD80B}.Release|Any CPU.Build.0 = Release|Any CPU
		{279B5EE0-22CA-4672-BE92-9B6658DCDAE3}.Debug|Any CPU.ActiveCfg = Debug|Any CPU
		{279B5EE0-22CA-4672-BE92-9B6658DCDAE3}.Debug|Any CPU.Build.0 = Debug|Any CPU
		{279B5EE0-22CA-4672-BE92-9B6658DCDAE3}.Release|Any CPU.ActiveCfg = Release|Any CPU
		{279B5EE0-22CA-4672-BE92-9B6658DCDAE3}.Release|Any CPU.Build.0 = Release|Any CPU
		{07B18368-3D3F-4C12-B2F1-E38FC709226A}.Debug|Any CPU.ActiveCfg = Debug|Any CPU
		{07B18368-3D3F-4C12-B2F1-E38FC709226A}.Debug|Any CPU.Build.0 = Debug|Any CPU
		{07B18368-3D3F-4C12-B2F1-E38FC709226A}.Release|Any CPU.ActiveCfg = Release|Any CPU
		{07B18368-3D3F-4C12-B2F1-E38FC709226A}.Release|Any CPU.Build.0 = Release|Any CPU
		{7C17F97F-3515-4A1B-AEAD-01689D087DE0}.Debug|Any CPU.ActiveCfg = Debug|Any CPU
		{7C17F97F-3515-4A1B-AEAD-01689D087DE0}.Debug|Any CPU.Build.0 = Debug|Any CPU
		{7C17F97F-3515-4A1B-AEAD-01689D087DE0}.Release|Any CPU.ActiveCfg = Release|Any CPU
		{7C17F97F-3515-4A1B-AEAD-01689D087DE0}.Release|Any CPU.Build.0 = Release|Any CPU
		{20165B82-F0C3-439C-91BB-AFCC731DCFEE}.Debug|Any CPU.ActiveCfg = Debug|Any CPU
		{20165B82-F0C3-439C-91BB-AFCC731DCFEE}.Debug|Any CPU.Build.0 = Debug|Any CPU
		{20165B82-F0C3-439C-91BB-AFCC731DCFEE}.Release|Any CPU.ActiveCfg = Release|Any CPU
		{20165B82-F0C3-439C-91BB-AFCC731DCFEE}.Release|Any CPU.Build.0 = Release|Any CPU
		{FC17A405-80E6-4485-B311-4F68D6454CEE}.Debug|Any CPU.ActiveCfg = Debug|Any CPU
		{FC17A405-80E6-4485-B311-4F68D6454CEE}.Debug|Any CPU.Build.0 = Debug|Any CPU
		{FC17A405-80E6-4485-B311-4F68D6454CEE}.Release|Any CPU.ActiveCfg = Release|Any CPU
		{FC17A405-80E6-4485-B311-4F68D6454CEE}.Release|Any CPU.Build.0 = Release|Any CPU
		{9636759C-63BC-470E-B95C-E120FBCB830B}.Debug|Any CPU.ActiveCfg = Debug|Any CPU
		{9636759C-63BC-470E-B95C-E120FBCB830B}.Debug|Any CPU.Build.0 = Debug|Any CPU
		{9636759C-63BC-470E-B95C-E120FBCB830B}.Release|Any CPU.ActiveCfg = Release|Any CPU
		{9636759C-63BC-470E-B95C-E120FBCB830B}.Release|Any CPU.Build.0 = Release|Any CPU
		{6554CD55-20A4-4200-9C70-E14D61F2B30A}.Debug|Any CPU.ActiveCfg = Debug|Any CPU
		{6554CD55-20A4-4200-9C70-E14D61F2B30A}.Debug|Any CPU.Build.0 = Debug|Any CPU
		{6554CD55-20A4-4200-9C70-E14D61F2B30A}.Release|Any CPU.ActiveCfg = Release|Any CPU
		{6554CD55-20A4-4200-9C70-E14D61F2B30A}.Release|Any CPU.Build.0 = Release|Any CPU
		{2600160C-F89E-4F29-9A30-FA0F50022013}.Debug|Any CPU.ActiveCfg = Debug|Any CPU
		{2600160C-F89E-4F29-9A30-FA0F50022013}.Debug|Any CPU.Build.0 = Debug|Any CPU
		{2600160C-F89E-4F29-9A30-FA0F50022013}.Release|Any CPU.ActiveCfg = Release|Any CPU
		{2600160C-F89E-4F29-9A30-FA0F50022013}.Release|Any CPU.Build.0 = Release|Any CPU
		{9EB89F05-AD00-4F39-A51F-A352E488F8CD}.Debug|Any CPU.ActiveCfg = Debug|Any CPU
		{9EB89F05-AD00-4F39-A51F-A352E488F8CD}.Debug|Any CPU.Build.0 = Debug|Any CPU
		{9EB89F05-AD00-4F39-A51F-A352E488F8CD}.Release|Any CPU.ActiveCfg = Release|Any CPU
		{9EB89F05-AD00-4F39-A51F-A352E488F8CD}.Release|Any CPU.Build.0 = Release|Any CPU
		{C52B89CF-D3A6-48FC-BA3B-0DAFF977FA6E}.Debug|Any CPU.ActiveCfg = Debug|Any CPU
		{C52B89CF-D3A6-48FC-BA3B-0DAFF977FA6E}.Debug|Any CPU.Build.0 = Debug|Any CPU
		{C52B89CF-D3A6-48FC-BA3B-0DAFF977FA6E}.Release|Any CPU.ActiveCfg = Release|Any CPU
		{C52B89CF-D3A6-48FC-BA3B-0DAFF977FA6E}.Release|Any CPU.Build.0 = Release|Any CPU
		{E25B1872-A666-4995-A7C3-C517DBE3E5C8}.Debug|Any CPU.ActiveCfg = Debug|Any CPU
		{E25B1872-A666-4995-A7C3-C517DBE3E5C8}.Debug|Any CPU.Build.0 = Debug|Any CPU
		{E25B1872-A666-4995-A7C3-C517DBE3E5C8}.Release|Any CPU.ActiveCfg = Release|Any CPU
		{E25B1872-A666-4995-A7C3-C517DBE3E5C8}.Release|Any CPU.Build.0 = Release|Any CPU
		{85AF5F30-37AC-4B1E-BC74-C84EE031ECC4}.Debug|Any CPU.ActiveCfg = Debug|Any CPU
		{85AF5F30-37AC-4B1E-BC74-C84EE031ECC4}.Debug|Any CPU.Build.0 = Debug|Any CPU
		{85AF5F30-37AC-4B1E-BC74-C84EE031ECC4}.Release|Any CPU.ActiveCfg = Release|Any CPU
		{85AF5F30-37AC-4B1E-BC74-C84EE031ECC4}.Release|Any CPU.Build.0 = Release|Any CPU
		{57F61E21-4D31-4CE0-9DFB-7BE6A113654A}.Debug|Any CPU.ActiveCfg = Debug|Any CPU
		{57F61E21-4D31-4CE0-9DFB-7BE6A113654A}.Debug|Any CPU.Build.0 = Debug|Any CPU
		{57F61E21-4D31-4CE0-9DFB-7BE6A113654A}.Release|Any CPU.ActiveCfg = Release|Any CPU
		{57F61E21-4D31-4CE0-9DFB-7BE6A113654A}.Release|Any CPU.Build.0 = Release|Any CPU
		{4BA12353-086C-41CE-A13E-CD217D40F66E}.Debug|Any CPU.ActiveCfg = Debug|Any CPU
		{4BA12353-086C-41CE-A13E-CD217D40F66E}.Debug|Any CPU.Build.0 = Debug|Any CPU
		{4BA12353-086C-41CE-A13E-CD217D40F66E}.Release|Any CPU.ActiveCfg = Release|Any CPU
		{4BA12353-086C-41CE-A13E-CD217D40F66E}.Release|Any CPU.Build.0 = Release|Any CPU
		{A884C005-0DB4-4325-99DA-C828066F1F09}.Debug|Any CPU.ActiveCfg = Debug|Any CPU
		{A884C005-0DB4-4325-99DA-C828066F1F09}.Debug|Any CPU.Build.0 = Debug|Any CPU
		{A884C005-0DB4-4325-99DA-C828066F1F09}.Release|Any CPU.ActiveCfg = Release|Any CPU
		{A884C005-0DB4-4325-99DA-C828066F1F09}.Release|Any CPU.Build.0 = Release|Any CPU
		{F1A4C571-19EC-4D8E-9E01-B898AB420FDB}.Debug|Any CPU.ActiveCfg = Debug|Any CPU
		{F1A4C571-19EC-4D8E-9E01-B898AB420FDB}.Debug|Any CPU.Build.0 = Debug|Any CPU
		{F1A4C571-19EC-4D8E-9E01-B898AB420FDB}.Release|Any CPU.ActiveCfg = Release|Any CPU
		{F1A4C571-19EC-4D8E-9E01-B898AB420FDB}.Release|Any CPU.Build.0 = Release|Any CPU
		{477FF6DA-AAD2-4FF7-82D6-3D6F029E8B11}.Debug|Any CPU.ActiveCfg = Debug|Any CPU
		{477FF6DA-AAD2-4FF7-82D6-3D6F029E8B11}.Debug|Any CPU.Build.0 = Debug|Any CPU
		{477FF6DA-AAD2-4FF7-82D6-3D6F029E8B11}.Release|Any CPU.ActiveCfg = Release|Any CPU
		{477FF6DA-AAD2-4FF7-82D6-3D6F029E8B11}.Release|Any CPU.Build.0 = Release|Any CPU
		{02129813-B7EB-4C7E-AEBA-F7C5D40071F9}.Debug|Any CPU.ActiveCfg = Debug|Any CPU
		{02129813-B7EB-4C7E-AEBA-F7C5D40071F9}.Debug|Any CPU.Build.0 = Debug|Any CPU
		{02129813-B7EB-4C7E-AEBA-F7C5D40071F9}.Release|Any CPU.ActiveCfg = Release|Any CPU
		{02129813-B7EB-4C7E-AEBA-F7C5D40071F9}.Release|Any CPU.Build.0 = Release|Any CPU
		{E1EA3CB6-4AEF-4DC6-8FCE-7ECBCD2A54FF}.Debug|Any CPU.ActiveCfg = Debug|Any CPU
		{E1EA3CB6-4AEF-4DC6-8FCE-7ECBCD2A54FF}.Debug|Any CPU.Build.0 = Debug|Any CPU
		{E1EA3CB6-4AEF-4DC6-8FCE-7ECBCD2A54FF}.Release|Any CPU.ActiveCfg = Release|Any CPU
		{E1EA3CB6-4AEF-4DC6-8FCE-7ECBCD2A54FF}.Release|Any CPU.Build.0 = Release|Any CPU
	EndGlobalSection
	GlobalSection(SolutionProperties) = preSolution
		HideSolutionNode = FALSE
	EndGlobalSection
	GlobalSection(NestedProjects) = preSolution
		{0B36292C-8849-441D-8FB8-A053D43A8E72} = {87E489A9-46B4-4FB8-9F6B-085FBB27C3B7}
		{8EDC415A-2E94-402A-81F0-BAF71A3BF6D7} = {C50A9449-A6FB-4758-8584-6E03345F91CC}
		{78F72AB4-4F97-4B82-99EA-EB2D46CB63CA} = {C50A9449-A6FB-4758-8584-6E03345F91CC}
		{BAFCA280-6B58-44E8-B0E7-ED6F51C0EAEC} = {C50A9449-A6FB-4758-8584-6E03345F91CC}
		{C00B8AD6-47C2-4642-877E-2C759D05DCFE} = {78358E57-4F47-4581-A094-995B4FE9A24B}
		{081BB2EB-CC5D-4512-B61E-917CD7AA795D} = {C1B3A80A-26A9-4775-9ADB-2414845CCE48}
		{5B27A727-B95D-49EC-8B70-76C5354D9098} = {87E489A9-46B4-4FB8-9F6B-085FBB27C3B7}
		{A17CA38B-2790-4DC5-8AF9-C7F63BFBBB1F} = {C1B3A80A-26A9-4775-9ADB-2414845CCE48}
		{46731C1C-71C7-474A-9BE7-45F3CAA755F9} = {2540921D-94A3-43F0-92AA-0231B8AB244C}
		{EF03000D-E2D6-4C8D-B848-5B9635246C27} = {2540921D-94A3-43F0-92AA-0231B8AB244C}
		{1E6D9A9A-AB62-4450-B589-2F434462DFE9} = {2540921D-94A3-43F0-92AA-0231B8AB244C}
		{6760EA99-C3B6-4CB2-92EB-945AB3C3B04A} = {2540921D-94A3-43F0-92AA-0231B8AB244C}
		{B7F4EECD-970B-4D00-B11C-65F36B3EC590} = {2540921D-94A3-43F0-92AA-0231B8AB244C}
		{F1F1B380-F3A0-463E-8686-3AF27962C100} = {2540921D-94A3-43F0-92AA-0231B8AB244C}
		{AF5512AA-CAF1-4066-90BD-EFB9B951FE18} = {2540921D-94A3-43F0-92AA-0231B8AB244C}
		{428E547A-E371-4059-843A-33166D0FD80B} = {2540921D-94A3-43F0-92AA-0231B8AB244C}
		{279B5EE0-22CA-4672-BE92-9B6658DCDAE3} = {2540921D-94A3-43F0-92AA-0231B8AB244C}
		{07B18368-3D3F-4C12-B2F1-E38FC709226A} = {2540921D-94A3-43F0-92AA-0231B8AB244C}
		{7C17F97F-3515-4A1B-AEAD-01689D087DE0} = {2540921D-94A3-43F0-92AA-0231B8AB244C}
		{20165B82-F0C3-439C-91BB-AFCC731DCFEE} = {2540921D-94A3-43F0-92AA-0231B8AB244C}
		{FC17A405-80E6-4485-B311-4F68D6454CEE} = {2540921D-94A3-43F0-92AA-0231B8AB244C}
		{9636759C-63BC-470E-B95C-E120FBCB830B} = {FB8515D1-6491-4E9A-87DB-1B154079C817}
		{6554CD55-20A4-4200-9C70-E14D61F2B30A} = {C50A9449-A6FB-4758-8584-6E03345F91CC}
		{2600160C-F89E-4F29-9A30-FA0F50022013} = {2540921D-94A3-43F0-92AA-0231B8AB244C}
		{9EB89F05-AD00-4F39-A51F-A352E488F8CD} = {C50A9449-A6FB-4758-8584-6E03345F91CC}
		{9C513800-FD27-4334-85AF-97352A71A829} = {C50A9449-A6FB-4758-8584-6E03345F91CC}
		{0AECD7C5-8232-41F2-ADFA-78CA30C56690} = {C50A9449-A6FB-4758-8584-6E03345F91CC}
		{78358E57-4F47-4581-A094-995B4FE9A24B} = {C50A9449-A6FB-4758-8584-6E03345F91CC}
		{C52B89CF-D3A6-48FC-BA3B-0DAFF977FA6E} = {3BE1E22F-5A4C-4472-8E03-F965D537294E}
		{E25B1872-A666-4995-A7C3-C517DBE3E5C8} = {3BE1E22F-5A4C-4472-8E03-F965D537294E}
		{3BE1E22F-5A4C-4472-8E03-F965D537294E} = {9C513800-FD27-4334-85AF-97352A71A829}
		{C1B3A80A-26A9-4775-9ADB-2414845CCE48} = {9C513800-FD27-4334-85AF-97352A71A829}
		{85AF5F30-37AC-4B1E-BC74-C84EE031ECC4} = {0AECD7C5-8232-41F2-ADFA-78CA30C56690}
		{57F61E21-4D31-4CE0-9DFB-7BE6A113654A} = {0AECD7C5-8232-41F2-ADFA-78CA30C56690}
		{4BA12353-086C-41CE-A13E-CD217D40F66E} = {0AECD7C5-8232-41F2-ADFA-78CA30C56690}
		{A884C005-0DB4-4325-99DA-C828066F1F09} = {0AECD7C5-8232-41F2-ADFA-78CA30C56690}
		{F1A4C571-19EC-4D8E-9E01-B898AB420FDB} = {0AECD7C5-8232-41F2-ADFA-78CA30C56690}
		{477FF6DA-AAD2-4FF7-82D6-3D6F029E8B11} = {2540921D-94A3-43F0-92AA-0231B8AB244C}
		{9EBB3C53-3EC8-4E7D-A0A0-B67E369E3279} = {9C513800-FD27-4334-85AF-97352A71A829}
		{FB8515D1-6491-4E9A-87DB-1B154079C817} = {9C513800-FD27-4334-85AF-97352A71A829}
		{02129813-B7EB-4C7E-AEBA-F7C5D40071F9} = {9EBB3C53-3EC8-4E7D-A0A0-B67E369E3279}
		{E1EA3CB6-4AEF-4DC6-8FCE-7ECBCD2A54FF} = {9EBB3C53-3EC8-4E7D-A0A0-B67E369E3279}
	EndGlobalSection
	GlobalSection(ExtensibilityGlobals) = postSolution
		EnterpriseLibraryConfigurationToolBinariesPath = packages\Unity.2.1.505.2\lib\NET35
	EndGlobalSection
EndGlobal
