
Microsoft Visual Studio Solution File, Format Version 12.00
# Visual Studio 2013
VisualStudioVersion = 12.0.21005.1
MinimumVisualStudioVersion = 10.0.40219.1
Project("{2150E333-8FDC-42A3-9474-1A3956D46DE8}") = "iFramework", "iFramework", "{87E489A9-46B4-4FB8-9F6B-085FBB27C3B7}"
EndProject
Project("{2150E333-8FDC-42A3-9474-1A3956D46DE8}") = "Sample", "Sample", "{2540921D-94A3-43F0-92AA-0231B8AB244C}"
EndProject
Project("{2150E333-8FDC-42A3-9474-1A3956D46DE8}") = "iPlugins", "iPlugins", "{C50A9449-A6FB-4758-8584-6E03345F91CC}"
EndProject
Project("{FAE04EC0-301F-11D3-BF4B-00C04F79EFBC}") = "IFramework", "iFramework\IFramework.csproj", "{F3932367-D3EA-4E8A-AB12-5FB785B93A39}"
EndProject
Project("{FAE04EC0-301F-11D3-BF4B-00C04F79EFBC}") = "IFramework.MessageQueue.ZeroMQ", "iFramework.Plugins\iFramework.MessageQueue.ZeroMQ\IFramework.MessageQueue.ZeroMQ.csproj", "{9636759C-63BC-470E-B95C-E120FBCB830B}"
EndProject
Project("{FAE04EC0-301F-11D3-BF4B-00C04F79EFBC}") = "IFramework.Infrastructure.Mvc", "iFramework.Plugins\iFramework.Infrastructure.Mvc\IFramework.Infrastructure.Mvc.csproj", "{352E05CF-E412-47B4-8852-CDFCCD928B71}"
EndProject
Project("{FAE04EC0-301F-11D3-BF4B-00C04F79EFBC}") = "IFramework.EntityFramework", "iFramework.Plugins\iFramework.Infrastructure.EntityFramework\IFramework.EntityFramework.csproj", "{C00B8AD6-47C2-4642-877E-2C759D05DCFE}"
EndProject
Project("{FAE04EC0-301F-11D3-BF4B-00C04F79EFBC}") = "Sample.Command", "Sample\Sample.Command\Sample.Command.csproj", "{1E6D9A9A-AB62-4450-B589-2F434462DFE9}"
EndProject
Project("{FAE04EC0-301F-11D3-BF4B-00C04F79EFBC}") = "Sample.AsyncDomainEventSubscriber", "Sample\AsyncDomainEventSubscriber\Sample.AsyncDomainEventSubscriber.csproj", "{EF03000D-E2D6-4C8D-B848-5B9635246C27}"
EndProject
Project("{FAE04EC0-301F-11D3-BF4B-00C04F79EFBC}") = "Sample.CommandHandler", "Sample\Sample.CommandHandler\Sample.CommandHandler.csproj", "{6760EA99-C3B6-4CB2-92EB-945AB3C3B04A}"
EndProject
Project("{FAE04EC0-301F-11D3-BF4B-00C04F79EFBC}") = "Sample.CommandService", "Sample\Sample.CommandService\Sample.CommandService.csproj", "{B7F4EECD-970B-4D00-B11C-65F36B3EC590}"
EndProject
Project("{FAE04EC0-301F-11D3-BF4B-00C04F79EFBC}") = "Sample.Domain", "Sample\Sample.Domain\Sample.Domain.csproj", "{F1F1B380-F3A0-463E-8686-3AF27962C100}"
EndProject
Project("{FAE04EC0-301F-11D3-BF4B-00C04F79EFBC}") = "Sample.DomainEvent", "Sample\Sample.DomainEvent\Sample.DomainEvent.csproj", "{AF5512AA-CAF1-4066-90BD-EFB9B951FE18}"
EndProject
Project("{FAE04EC0-301F-11D3-BF4B-00C04F79EFBC}") = "Sample.DomainEventSubscriber", "Sample\Sample.DomainEventHandler\Sample.DomainEventSubscriber.csproj", "{428E547A-E371-4059-843A-33166D0FD80B}"
EndProject
Project("{FAE04EC0-301F-11D3-BF4B-00C04F79EFBC}") = "Sample.DTO", "Sample\Sample.DTO\Sample.DTO.csproj", "{279B5EE0-22CA-4672-BE92-9B6658DCDAE3}"
EndProject
Project("{FAE04EC0-301F-11D3-BF4B-00C04F79EFBC}") = "Sample.Persistence", "Sample\Sample.Persistence\Sample.Persistence.csproj", "{07B18368-3D3F-4C12-B2F1-E38FC709226A}"
EndProject
Project("{FAE04EC0-301F-11D3-BF4B-00C04F79EFBC}") = "IFramework.MessageQueue.MessageFormat", "iFramework.Plugins\IFramework.MessageQueue.MessageFormat\IFramework.MessageQueue.MessageFormat.csproj", "{D33B2D5C-A9CD-43ED-BF45-A0E54FCC9789}"
EndProject
Global
	GlobalSection(SolutionConfigurationPlatforms) = preSolution
		Debug|Any CPU = Debug|Any CPU
		Release|Any CPU = Release|Any CPU
	EndGlobalSection
	GlobalSection(ProjectConfigurationPlatforms) = postSolution
		{F3932367-D3EA-4E8A-AB12-5FB785B93A39}.Debug|Any CPU.ActiveCfg = Debug|Any CPU
		{F3932367-D3EA-4E8A-AB12-5FB785B93A39}.Debug|Any CPU.Build.0 = Debug|Any CPU
		{F3932367-D3EA-4E8A-AB12-5FB785B93A39}.Release|Any CPU.ActiveCfg = Release|Any CPU
		{F3932367-D3EA-4E8A-AB12-5FB785B93A39}.Release|Any CPU.Build.0 = Release|Any CPU
		{9636759C-63BC-470E-B95C-E120FBCB830B}.Debug|Any CPU.ActiveCfg = Debug|Any CPU
		{9636759C-63BC-470E-B95C-E120FBCB830B}.Debug|Any CPU.Build.0 = Debug|Any CPU
		{9636759C-63BC-470E-B95C-E120FBCB830B}.Release|Any CPU.ActiveCfg = Release|Any CPU
		{9636759C-63BC-470E-B95C-E120FBCB830B}.Release|Any CPU.Build.0 = Release|Any CPU
		{352E05CF-E412-47B4-8852-CDFCCD928B71}.Debug|Any CPU.ActiveCfg = Debug|Any CPU
		{352E05CF-E412-47B4-8852-CDFCCD928B71}.Debug|Any CPU.Build.0 = Debug|Any CPU
		{352E05CF-E412-47B4-8852-CDFCCD928B71}.Release|Any CPU.ActiveCfg = Release|Any CPU
		{352E05CF-E412-47B4-8852-CDFCCD928B71}.Release|Any CPU.Build.0 = Release|Any CPU
		{C00B8AD6-47C2-4642-877E-2C759D05DCFE}.Debug|Any CPU.ActiveCfg = Debug|Any CPU
		{C00B8AD6-47C2-4642-877E-2C759D05DCFE}.Debug|Any CPU.Build.0 = Debug|Any CPU
		{C00B8AD6-47C2-4642-877E-2C759D05DCFE}.Release|Any CPU.ActiveCfg = Release|Any CPU
		{C00B8AD6-47C2-4642-877E-2C759D05DCFE}.Release|Any CPU.Build.0 = Release|Any CPU
		{1E6D9A9A-AB62-4450-B589-2F434462DFE9}.Debug|Any CPU.ActiveCfg = Debug|Any CPU
		{1E6D9A9A-AB62-4450-B589-2F434462DFE9}.Debug|Any CPU.Build.0 = Debug|Any CPU
		{1E6D9A9A-AB62-4450-B589-2F434462DFE9}.Release|Any CPU.ActiveCfg = Release|Any CPU
		{1E6D9A9A-AB62-4450-B589-2F434462DFE9}.Release|Any CPU.Build.0 = Release|Any CPU
		{EF03000D-E2D6-4C8D-B848-5B9635246C27}.Debug|Any CPU.ActiveCfg = Debug|Any CPU
		{EF03000D-E2D6-4C8D-B848-5B9635246C27}.Debug|Any CPU.Build.0 = Debug|Any CPU
		{EF03000D-E2D6-4C8D-B848-5B9635246C27}.Release|Any CPU.ActiveCfg = Release|Any CPU
		{EF03000D-E2D6-4C8D-B848-5B9635246C27}.Release|Any CPU.Build.0 = Release|Any CPU
		{6760EA99-C3B6-4CB2-92EB-945AB3C3B04A}.Debug|Any CPU.ActiveCfg = Debug|Any CPU
		{6760EA99-C3B6-4CB2-92EB-945AB3C3B04A}.Debug|Any CPU.Build.0 = Debug|Any CPU
		{6760EA99-C3B6-4CB2-92EB-945AB3C3B04A}.Release|Any CPU.ActiveCfg = Release|Any CPU
		{6760EA99-C3B6-4CB2-92EB-945AB3C3B04A}.Release|Any CPU.Build.0 = Release|Any CPU
		{B7F4EECD-970B-4D00-B11C-65F36B3EC590}.Debug|Any CPU.ActiveCfg = Debug|Any CPU
		{B7F4EECD-970B-4D00-B11C-65F36B3EC590}.Debug|Any CPU.Build.0 = Debug|Any CPU
		{B7F4EECD-970B-4D00-B11C-65F36B3EC590}.Release|Any CPU.ActiveCfg = Release|Any CPU
		{B7F4EECD-970B-4D00-B11C-65F36B3EC590}.Release|Any CPU.Build.0 = Release|Any CPU
		{F1F1B380-F3A0-463E-8686-3AF27962C100}.Debug|Any CPU.ActiveCfg = Debug|Any CPU
		{F1F1B380-F3A0-463E-8686-3AF27962C100}.Debug|Any CPU.Build.0 = Debug|Any CPU
		{F1F1B380-F3A0-463E-8686-3AF27962C100}.Release|Any CPU.ActiveCfg = Release|Any CPU
		{F1F1B380-F3A0-463E-8686-3AF27962C100}.Release|Any CPU.Build.0 = Release|Any CPU
		{AF5512AA-CAF1-4066-90BD-EFB9B951FE18}.Debug|Any CPU.ActiveCfg = Debug|Any CPU
		{AF5512AA-CAF1-4066-90BD-EFB9B951FE18}.Debug|Any CPU.Build.0 = Debug|Any CPU
		{AF5512AA-CAF1-4066-90BD-EFB9B951FE18}.Release|Any CPU.ActiveCfg = Release|Any CPU
		{AF5512AA-CAF1-4066-90BD-EFB9B951FE18}.Release|Any CPU.Build.0 = Release|Any CPU
		{428E547A-E371-4059-843A-33166D0FD80B}.Debug|Any CPU.ActiveCfg = Debug|Any CPU
		{428E547A-E371-4059-843A-33166D0FD80B}.Debug|Any CPU.Build.0 = Debug|Any CPU
		{428E547A-E371-4059-843A-33166D0FD80B}.Release|Any CPU.ActiveCfg = Release|Any CPU
		{428E547A-E371-4059-843A-33166D0FD80B}.Release|Any CPU.Build.0 = Release|Any CPU
		{279B5EE0-22CA-4672-BE92-9B6658DCDAE3}.Debug|Any CPU.ActiveCfg = Debug|Any CPU
		{279B5EE0-22CA-4672-BE92-9B6658DCDAE3}.Debug|Any CPU.Build.0 = Debug|Any CPU
		{279B5EE0-22CA-4672-BE92-9B6658DCDAE3}.Release|Any CPU.ActiveCfg = Release|Any CPU
		{279B5EE0-22CA-4672-BE92-9B6658DCDAE3}.Release|Any CPU.Build.0 = Release|Any CPU
		{07B18368-3D3F-4C12-B2F1-E38FC709226A}.Debug|Any CPU.ActiveCfg = Debug|Any CPU
		{07B18368-3D3F-4C12-B2F1-E38FC709226A}.Debug|Any CPU.Build.0 = Debug|Any CPU
		{07B18368-3D3F-4C12-B2F1-E38FC709226A}.Release|Any CPU.ActiveCfg = Release|Any CPU
		{07B18368-3D3F-4C12-B2F1-E38FC709226A}.Release|Any CPU.Build.0 = Release|Any CPU
		{D33B2D5C-A9CD-43ED-BF45-A0E54FCC9789}.Debug|Any CPU.ActiveCfg = Debug|Any CPU
		{D33B2D5C-A9CD-43ED-BF45-A0E54FCC9789}.Debug|Any CPU.Build.0 = Debug|Any CPU
		{D33B2D5C-A9CD-43ED-BF45-A0E54FCC9789}.Release|Any CPU.ActiveCfg = Release|Any CPU
		{D33B2D5C-A9CD-43ED-BF45-A0E54FCC9789}.Release|Any CPU.Build.0 = Release|Any CPU
	EndGlobalSection
	GlobalSection(SolutionProperties) = preSolution
		HideSolutionNode = FALSE
	EndGlobalSection
	GlobalSection(NestedProjects) = preSolution
		{F3932367-D3EA-4E8A-AB12-5FB785B93A39} = {87E489A9-46B4-4FB8-9F6B-085FBB27C3B7}
		{1E6D9A9A-AB62-4450-B589-2F434462DFE9} = {2540921D-94A3-43F0-92AA-0231B8AB244C}
		{EF03000D-E2D6-4C8D-B848-5B9635246C27} = {2540921D-94A3-43F0-92AA-0231B8AB244C}
		{6760EA99-C3B6-4CB2-92EB-945AB3C3B04A} = {2540921D-94A3-43F0-92AA-0231B8AB244C}
		{B7F4EECD-970B-4D00-B11C-65F36B3EC590} = {2540921D-94A3-43F0-92AA-0231B8AB244C}
		{F1F1B380-F3A0-463E-8686-3AF27962C100} = {2540921D-94A3-43F0-92AA-0231B8AB244C}
		{AF5512AA-CAF1-4066-90BD-EFB9B951FE18} = {2540921D-94A3-43F0-92AA-0231B8AB244C}
		{428E547A-E371-4059-843A-33166D0FD80B} = {2540921D-94A3-43F0-92AA-0231B8AB244C}
		{279B5EE0-22CA-4672-BE92-9B6658DCDAE3} = {2540921D-94A3-43F0-92AA-0231B8AB244C}
		{07B18368-3D3F-4C12-B2F1-E38FC709226A} = {2540921D-94A3-43F0-92AA-0231B8AB244C}
		{9636759C-63BC-470E-B95C-E120FBCB830B} = {C50A9449-A6FB-4758-8584-6E03345F91CC}
		{352E05CF-E412-47B4-8852-CDFCCD928B71} = {C50A9449-A6FB-4758-8584-6E03345F91CC}
		{C00B8AD6-47C2-4642-877E-2C759D05DCFE} = {C50A9449-A6FB-4758-8584-6E03345F91CC}
		{D33B2D5C-A9CD-43ED-BF45-A0E54FCC9789} = {C50A9449-A6FB-4758-8584-6E03345F91CC}
	EndGlobalSection
EndGlobal
