
Microsoft Visual Studio Solution File, Format Version 12.00
# Visual Studio 14
VisualStudioVersion = 14.0.24720.0
MinimumVisualStudioVersion = 10.0.40219.1
Project("{2150E333-8FDC-42A3-9474-1A3956D46DE8}") = "iFramework", "iFramework", "{87E489A9-46B4-4FB8-9F6B-085FBB27C3B7}"
EndProject
Project("{2150E333-8FDC-42A3-9474-1A3956D46DE8}") = "Sample", "Sample", "{2540921D-94A3-43F0-92AA-0231B8AB244C}"
EndProject
Project("{2150E333-8FDC-42A3-9474-1A3956D46DE8}") = "iPlugins", "iPlugins", "{C50A9449-A6FB-4758-8584-6E03345F91CC}"
EndProject
Project("{2150E333-8FDC-42A3-9474-1A3956D46DE8}") = "ServiceBus", "ServiceBus", "{2B96AB85-B72E-4909-88D4-21B22CBD6077}"
EndProject
Project("{FAE04EC0-301F-11D3-BF4B-00C04F79EFBC}") = "IFramework4.5", "iFramework\IFramework4.5.csproj", "{0B36292C-8849-441D-8FB8-A053D43A8E72}"
EndProject
Project("{FAE04EC0-301F-11D3-BF4B-00C04F79EFBC}") = "IFramework.Log4Net4.5", "iFramework.Plugins\IFramework.Log4Net\IFramework.Log4Net4.5.csproj", "{8EDC415A-2E94-402A-81F0-BAF71A3BF6D7}"
EndProject
Project("{FAE04EC0-301F-11D3-BF4B-00C04F79EFBC}") = "IFramework.MessageStoring.EntityFramework4.5", "iFramework.Plugins\IFramework.MessageStore.EntityFramework\IFramework.MessageStoring.EntityFramework4.5.csproj", "{78F72AB4-4F97-4B82-99EA-EB2D46CB63CA}"
EndProject
Project("{FAE04EC0-301F-11D3-BF4B-00C04F79EFBC}") = "IFramework.AspNet", "iFramework.Plugins\IFramework.WebApi\IFramework.AspNet.csproj", "{BAFCA280-6B58-44E8-B0E7-ED6F51C0EAEC}"
EndProject
Project("{FAE04EC0-301F-11D3-BF4B-00C04F79EFBC}") = "IFramework.EntityFramework4.5", "iFramework.Plugins\iFramework.Infrastructure.EntityFramework\IFramework.EntityFramework4.5.csproj", "{C00B8AD6-47C2-4642-877E-2C759D05DCFE}"
EndProject
Project("{FAE04EC0-301F-11D3-BF4B-00C04F79EFBC}") = "IFramework.MessageQueue.ServiceBus4.5", "iFramework.Plugins\IFramework.MessageQueue.ServiceBus\IFramework.MessageQueue.ServiceBus4.5.csproj", "{081BB2EB-CC5D-4512-B61E-917CD7AA795D}"
EndProject
Project("{FAE04EC0-301F-11D3-BF4B-00C04F79EFBC}") = "IFramework4.5Tests", "IFramework4.5Tests\IFramework4.5Tests.csproj", "{5B27A727-B95D-49EC-8B70-76C5354D9098}"
EndProject
Project("{FAE04EC0-301F-11D3-BF4B-00C04F79EFBC}") = "ServiceBusTest", "iFramework.Plugins\ServiceBusTest\ServiceBusTest.csproj", "{A17CA38B-2790-4DC5-8AF9-C7F63BFBBB1F}"
EndProject
Global
	GlobalSection(SolutionConfigurationPlatforms) = preSolution
		Debug|Any CPU = Debug|Any CPU
		Release|Any CPU = Release|Any CPU
	EndGlobalSection
	GlobalSection(ProjectConfigurationPlatforms) = postSolution
		{0B36292C-8849-441D-8FB8-A053D43A8E72}.Debug|Any CPU.ActiveCfg = Debug|Any CPU
		{0B36292C-8849-441D-8FB8-A053D43A8E72}.Debug|Any CPU.Build.0 = Debug|Any CPU
		{0B36292C-8849-441D-8FB8-A053D43A8E72}.Release|Any CPU.ActiveCfg = Release|Any CPU
		{0B36292C-8849-441D-8FB8-A053D43A8E72}.Release|Any CPU.Build.0 = Release|Any CPU
		{8EDC415A-2E94-402A-81F0-BAF71A3BF6D7}.Debug|Any CPU.ActiveCfg = Debug|Any CPU
		{8EDC415A-2E94-402A-81F0-BAF71A3BF6D7}.Debug|Any CPU.Build.0 = Debug|Any CPU
		{8EDC415A-2E94-402A-81F0-BAF71A3BF6D7}.Release|Any CPU.ActiveCfg = Release|Any CPU
		{8EDC415A-2E94-402A-81F0-BAF71A3BF6D7}.Release|Any CPU.Build.0 = Release|Any CPU
		{78F72AB4-4F97-4B82-99EA-EB2D46CB63CA}.Debug|Any CPU.ActiveCfg = Debug|Any CPU
		{78F72AB4-4F97-4B82-99EA-EB2D46CB63CA}.Debug|Any CPU.Build.0 = Debug|Any CPU
		{78F72AB4-4F97-4B82-99EA-EB2D46CB63CA}.Release|Any CPU.ActiveCfg = Release|Any CPU
		{78F72AB4-4F97-4B82-99EA-EB2D46CB63CA}.Release|Any CPU.Build.0 = Release|Any CPU
		{BAFCA280-6B58-44E8-B0E7-ED6F51C0EAEC}.Debug|Any CPU.ActiveCfg = Debug|Any CPU
		{BAFCA280-6B58-44E8-B0E7-ED6F51C0EAEC}.Debug|Any CPU.Build.0 = Debug|Any CPU
		{BAFCA280-6B58-44E8-B0E7-ED6F51C0EAEC}.Release|Any CPU.ActiveCfg = Release|Any CPU
		{BAFCA280-6B58-44E8-B0E7-ED6F51C0EAEC}.Release|Any CPU.Build.0 = Release|Any CPU
		{C00B8AD6-47C2-4642-877E-2C759D05DCFE}.Debug|Any CPU.ActiveCfg = Debug|Any CPU
		{C00B8AD6-47C2-4642-877E-2C759D05DCFE}.Debug|Any CPU.Build.0 = Debug|Any CPU
		{C00B8AD6-47C2-4642-877E-2C759D05DCFE}.Release|Any CPU.ActiveCfg = Release|Any CPU
		{C00B8AD6-47C2-4642-877E-2C759D05DCFE}.Release|Any CPU.Build.0 = Release|Any CPU
		{081BB2EB-CC5D-4512-B61E-917CD7AA795D}.Debug|Any CPU.ActiveCfg = Debug|Any CPU
		{081BB2EB-CC5D-4512-B61E-917CD7AA795D}.Debug|Any CPU.Build.0 = Debug|Any CPU
		{081BB2EB-CC5D-4512-B61E-917CD7AA795D}.Release|Any CPU.ActiveCfg = Release|Any CPU
		{081BB2EB-CC5D-4512-B61E-917CD7AA795D}.Release|Any CPU.Build.0 = Release|Any CPU
		{5B27A727-B95D-49EC-8B70-76C5354D9098}.Debug|Any CPU.ActiveCfg = Debug|Any CPU
		{5B27A727-B95D-49EC-8B70-76C5354D9098}.Debug|Any CPU.Build.0 = Debug|Any CPU
		{5B27A727-B95D-49EC-8B70-76C5354D9098}.Release|Any CPU.ActiveCfg = Release|Any CPU
		{5B27A727-B95D-49EC-8B70-76C5354D9098}.Release|Any CPU.Build.0 = Release|Any CPU
		{A17CA38B-2790-4DC5-8AF9-C7F63BFBBB1F}.Debug|Any CPU.ActiveCfg = Debug|Any CPU
		{A17CA38B-2790-4DC5-8AF9-C7F63BFBBB1F}.Debug|Any CPU.Build.0 = Debug|Any CPU
		{A17CA38B-2790-4DC5-8AF9-C7F63BFBBB1F}.Release|Any CPU.ActiveCfg = Release|Any CPU
		{A17CA38B-2790-4DC5-8AF9-C7F63BFBBB1F}.Release|Any CPU.Build.0 = Release|Any CPU
	EndGlobalSection
	GlobalSection(SolutionProperties) = preSolution
		HideSolutionNode = FALSE
	EndGlobalSection
	GlobalSection(NestedProjects) = preSolution
		{2B96AB85-B72E-4909-88D4-21B22CBD6077} = {2540921D-94A3-43F0-92AA-0231B8AB244C}
		{0B36292C-8849-441D-8FB8-A053D43A8E72} = {87E489A9-46B4-4FB8-9F6B-085FBB27C3B7}
		{8EDC415A-2E94-402A-81F0-BAF71A3BF6D7} = {C50A9449-A6FB-4758-8584-6E03345F91CC}
		{78F72AB4-4F97-4B82-99EA-EB2D46CB63CA} = {C50A9449-A6FB-4758-8584-6E03345F91CC}
		{BAFCA280-6B58-44E8-B0E7-ED6F51C0EAEC} = {C50A9449-A6FB-4758-8584-6E03345F91CC}
		{C00B8AD6-47C2-4642-877E-2C759D05DCFE} = {C50A9449-A6FB-4758-8584-6E03345F91CC}
		{081BB2EB-CC5D-4512-B61E-917CD7AA795D} = {C50A9449-A6FB-4758-8584-6E03345F91CC}
		{5B27A727-B95D-49EC-8B70-76C5354D9098} = {87E489A9-46B4-4FB8-9F6B-085FBB27C3B7}
		{A17CA38B-2790-4DC5-8AF9-C7F63BFBBB1F} = {2B96AB85-B72E-4909-88D4-21B22CBD6077}
	EndGlobalSection
	GlobalSection(ExtensibilityGlobals) = postSolution
		EnterpriseLibraryConfigurationToolBinariesPath = packages\Unity.2.1.505.2\lib\NET35
	EndGlobalSection
EndGlobal
