
Microsoft Visual Studio Solution File, Format Version 12.00
# Visual Studio 15
VisualStudioVersion = 15.0.27130.2036
MinimumVisualStudioVersion = 10.0.40219.1
Project("{9A19103F-16F7-4668-BE54-9A1E7A4F7556}") = "IFramework.DependencyInjection.Microsoft", "iFramework.Plugins\IFramework.Microsoft.DependencyInjection\IFramework.DependencyInjection.Microsoft.csproj", "{FFD7041D-BA33-46D3-B3FE-C1A4816E12FD}"
EndProject
Project("{9A19103F-16F7-4668-BE54-9A1E7A4F7556}") = "IFramework.Test", "IFramework.Test\IFramework.Test.csproj", "{665EF3BF-178F-4CAA-B454-5D4FD9EB0654}"
EndProject
Project("{9A19103F-16F7-4668-BE54-9A1E7A4F7556}") = "IFramework.DependencyInjection.Autofac", "iFramework.Plugins\IFramework.DependencyInjection.Autofac\IFramework.DependencyInjection.Autofac.csproj", "{23AF6D83-93A1-47BD-8FA2-50E0FDC29090}"
EndProject
Project("{2150E333-8FDC-42A3-9474-1A3956D46DE8}") = "DI", "DI", "{52FF150F-C8B1-48B4-A467-CE19622CDF1A}"
EndProject
Project("{2150E333-8FDC-42A3-9474-1A3956D46DE8}") = "DAL", "DAL", "{7768DF10-5F24-44B4-8DF9-187F160C4D3A}"
EndProject
Project("{9A19103F-16F7-4668-BE54-9A1E7A4F7556}") = "IFramework.EntityFrameworkCore", "iFramework.Plugins\IFramework.EntityFrameworkCore\IFramework.EntityFrameworkCore.csproj", "{5A404E73-E592-43CB-9088-BA4EE50591F3}"
EndProject
Project("{2150E333-8FDC-42A3-9474-1A3956D46DE8}") = "Samples", "Samples", "{A9B2E731-E8B4-43A1-97B6-88517E1AA362}"
EndProject
Project("{9A19103F-16F7-4668-BE54-9A1E7A4F7556}") = "Sample.CommandServiceCore", "Sample\Sample.CommandServiceCore\Sample.CommandServiceCore.csproj", "{4C49DFF1-1B3B-41DB-A6D0-C2C8BA0468DE}"
EndProject
Project("{2150E333-8FDC-42A3-9474-1A3956D46DE8}") = "Logging", "Logging", "{D85A2D0B-5D20-4C0F-B06F-D688EFAD1624}"
EndProject
Project("{2150E333-8FDC-42A3-9474-1A3956D46DE8}") = "MQ", "MQ", "{A0DFB82C-D746-4443-8C1B-7AB2DF36EF85}"
EndProject
Project("{2150E333-8FDC-42A3-9474-1A3956D46DE8}") = "Json", "Json", "{73ECCF83-E00B-4074-A2C8-B18CE16446D8}"
EndProject
Project("{9A19103F-16F7-4668-BE54-9A1E7A4F7556}") = "IFramework.JsonNet", "iFramework.Plugins\IFramework.JsonNetCore\IFramework.JsonNet.csproj", "{8AF3ECAB-3E1F-485E-960E-05C7826E6617}"
EndProject
Project("{9A19103F-16F7-4668-BE54-9A1E7A4F7556}") = "IFramework.MessageStores.Relational", "iFramework.Plugins\IFramework.MessageStores\IFramework.MessageStores.Relational.csproj", "{6310C969-8EB2-4ADA-8A27-9BE8A89E0B46}"
EndProject
Project("{9A19103F-16F7-4668-BE54-9A1E7A4F7556}") = "IFramework.MessageQueue.ConfluentKafka", "iFramework.Plugins\IFramework.MessageQueueCore.ConfluentKafka\IFramework.MessageQueue.ConfluentKafka.csproj", "{E1C3CA59-38DE-4D7F-9A4B-E3A9722AC608}"
EndProject
Project("{9A19103F-16F7-4668-BE54-9A1E7A4F7556}") = "IFramework.MessageQueue.InMemory", "iFramework.Plugins\IFramework.MessageQueueCore.InMemory\IFramework.MessageQueue.InMemory.csproj", "{8557C084-3EF0-4591-821A-62DEDABC8982}"
EndProject
Project("{9A19103F-16F7-4668-BE54-9A1E7A4F7556}") = "IFramework", "iFramework\IFramework.csproj", "{AE6FADE4-B818-4537-B4CC-86B530784A4B}"
EndProject
Project("{9A19103F-16F7-4668-BE54-9A1E7A4F7556}") = "Sample.Domain", "Sample\Sample.Domain\Sample.Domain.csproj", "{52B52332-516C-459E-A6AC-0D8A4EF76AEA}"
EndProject
Project("{9A19103F-16F7-4668-BE54-9A1E7A4F7556}") = "Sample.DTO", "Sample\Sample.DTO\Sample.DTO.csproj", "{F312AAE5-EEB3-4978-A1B0-1A75DDD7E980}"
EndProject
Project("{9A19103F-16F7-4668-BE54-9A1E7A4F7556}") = "Sample.Persistence", "Sample\Sample.Persistence\Sample.Persistence.csproj", "{A71E8BB2-47E4-4094-9C14-13F266B87D53}"
EndProject
Project("{9A19103F-16F7-4668-BE54-9A1E7A4F7556}") = "Sample.Command", "Sample\Sample.Command\Sample.Command.csproj", "{D0269FBA-F76A-4DB8-A92E-65CBCB62F89D}"
EndProject
Project("{9A19103F-16F7-4668-BE54-9A1E7A4F7556}") = "Sample.CommandHandler", "Sample\Sample.CommandHandler\Sample.CommandHandler.csproj", "{6D66D6C4-8860-4434-86A3-AF8F3B04B3FF}"
EndProject
Project("{9A19103F-16F7-4668-BE54-9A1E7A4F7556}") = "Sample.ApplicationEvent", "Sample\Sample.ApplicationEvent\Sample.ApplicationEvent.csproj", "{F09D6742-74DE-4339-A880-AEF82137C2B8}"
EndProject
Project("{9A19103F-16F7-4668-BE54-9A1E7A4F7556}") = "Sample.ApplicationEventSubscriber", "Sample\ApplicationEventSubscriber\Sample.ApplicationEventSubscriber.csproj", "{9515E026-9216-4407-8A42-F40CBB88EEF2}"
EndProject
Project("{9A19103F-16F7-4668-BE54-9A1E7A4F7556}") = "Sample.AsyncDomainEventSubscriber", "Sample\AsyncDomainEventSubscriber\Sample.AsyncDomainEventSubscriber.csproj", "{C0F0BBC4-107E-4655-B09C-8D36BFEEEB80}"
EndProject
Project("{9A19103F-16F7-4668-BE54-9A1E7A4F7556}") = "Sample.DomainEventSubscriber", "Sample\Sample.DomainEventHandler\Sample.DomainEventSubscriber.csproj", "{8703F543-285A-428B-92BC-2AC301F6C0BB}"
EndProject
Project("{9A19103F-16F7-4668-BE54-9A1E7A4F7556}") = "Sample.DomainEvents", "Sample\Sample.DomainEvent\Sample.DomainEvents.csproj", "{08E74EC3-F2DC-4F3E-99B9-B7337D65D92A}"
EndProject
Project("{2150E333-8FDC-42A3-9474-1A3956D46DE8}") = "Solution Items", "Solution Items", "{897F22E0-4B93-4B21-AF20-7C9853DEA98F}"
	ProjectSection(SolutionItems) = preProject
		nuget.config = nuget.config
	EndProjectSection
EndProject
Project("{9A19103F-16F7-4668-BE54-9A1E7A4F7556}") = "IFramework.MessageQueue.Client.Abstracts", "iFramework.Plugins\IFramework.MessageQueue.Client.Abstracts\IFramework.MessageQueue.Client.Abstracts.csproj", "{FED1EE35-3EAC-47BA-9125-4B99A944C577}"
EndProject
Project("{2150E333-8FDC-42A3-9474-1A3956D46DE8}") = "EQueue", "EQueue", "{533AC4D0-87C7-4372-ACA7-F37023836EDA}"
EndProject
Project("{9A19103F-16F7-4668-BE54-9A1E7A4F7556}") = "EQueueNameServer", "iFramework.Plugins\EQueueNameServer\EQueueNameServer.csproj", "{4B92FC46-E4FD-4581-B4B4-B2CD4FD06A30}"
EndProject
Project("{9A19103F-16F7-4668-BE54-9A1E7A4F7556}") = "EQueueBroker", "iFramework.Plugins\EQueueBroker\EQueueBroker.csproj", "{E1EA3CB6-4AEF-4DC6-8FCE-7ECBCD2A54FF}"
EndProject
Project("{9A19103F-16F7-4668-BE54-9A1E7A4F7556}") = "IFramework.MessageQueue.EQueue", "iFramework.Plugins\IFramework.MessageQueue.EQueue\IFramework.MessageQueue.EQueue.csproj", "{02129813-B7EB-4C7E-AEBA-F7C5D40071F9}"
EndProject
Project("{2150E333-8FDC-42A3-9474-1A3956D46DE8}") = "Tests", "Tests", "{1C294858-2AFE-4EFE-B5BF-11643EF735EE}"
EndProject
Project("{FAE04EC0-301F-11D3-BF4B-00C04F79EFBC}") = "EQueue.AdminWeb", "iFramework.Plugins\EQueue.AdminWeb\EQueue.AdminWeb.csproj", "{1BF427DA-0965-4F8E-BFEB-439DCD3228B0}"
EndProject
Project("{9A19103F-16F7-4668-BE54-9A1E7A4F7556}") = "IFramework.Log4Net", "iFramework.Plugins\IFramework.Log4Net\IFramework.Log4Net.csproj", "{1B9DCC2C-E251-427A-AE6F-B951A4B362F8}"
EndProject
Project("{2150E333-8FDC-42A3-9474-1A3956D46DE8}") = "Core", "Core", "{BA8B1C74-F8F1-4AE1-8037-2E843A8DDC92}"
EndProject
Project("{2150E333-8FDC-42A3-9474-1A3956D46DE8}") = "AspNet", "AspNet", "{DC75F15F-D89D-45C6-8918-460F3C934FFE}"
EndProject
Project("{9A19103F-16F7-4668-BE54-9A1E7A4F7556}") = "IFramework.AspNet", "iFramework.Plugins\IFramework.AspNet\IFramework.AspNet.csproj", "{016D4F7F-188B-45EB-B32A-6E65B35B90FB}"
EndProject
Project("{9A19103F-16F7-4668-BE54-9A1E7A4F7556}") = "ConsoleTest", "ConsoleTest\ConsoleTest.csproj", "{F61E3C35-A03E-4561-B0BB-97D2851BBD70}"
EndProject
Project("{9A19103F-16F7-4668-BE54-9A1E7A4F7556}") = "IFramework.MessageQueue.RabbitMQ", "iFramework.Plugins\IFramework.MessageQueue.RabbitMQ\IFramework.MessageQueue.RabbitMQ.csproj", "{87960BA6-67D0-4005-9EAC-59FEDB5610E8}"
EndProject
Project("{9A19103F-16F7-4668-BE54-9A1E7A4F7556}") = "Sample.Applications", "Sample\Sample.Applications\Sample.Applications.csproj", "{5458C8C7-4738-4FC6-A9CE-AC25F049B9EB}"
EndProject
Project("{9A19103F-16F7-4668-BE54-9A1E7A4F7556}") = "IFramework.DependencyInjection.Unity", "iFramework.Plugins\IFramework.DependencyInjection.Unity\IFramework.DependencyInjection.Unity.csproj", "{D7FD82E1-9AD6-4B8B-902D-9C614F4CCB4C}"
EndProject
Project("{FAE04EC0-301F-11D3-BF4B-00C04F79EFBC}") = "IFramework.KafkaTools", "iFramework.Plugins\IFramework.KafkaTools\IFramework.KafkaTools.csproj", "{768DE1E1-0B8B-4D71-81F7-9F3C9C988B49}"
EndProject
Global
	GlobalSection(SolutionConfigurationPlatforms) = preSolution
		Debug|Any CPU = Debug|Any CPU
		Debug|x64 = Debug|x64
		Debug|x86 = Debug|x86
		Integration|Any CPU = Integration|Any CPU
		Integration|x64 = Integration|x64
		Integration|x86 = Integration|x86
		Release|Any CPU = Release|Any CPU
		Release|x64 = Release|x64
		Release|x86 = Release|x86
	EndGlobalSection
	GlobalSection(ProjectConfigurationPlatforms) = postSolution
		{FFD7041D-BA33-46D3-B3FE-C1A4816E12FD}.Debug|Any CPU.ActiveCfg = Debug|Any CPU
		{FFD7041D-BA33-46D3-B3FE-C1A4816E12FD}.Debug|Any CPU.Build.0 = Debug|Any CPU
		{FFD7041D-BA33-46D3-B3FE-C1A4816E12FD}.Debug|x64.ActiveCfg = Debug|Any CPU
		{FFD7041D-BA33-46D3-B3FE-C1A4816E12FD}.Debug|x64.Build.0 = Debug|Any CPU
		{FFD7041D-BA33-46D3-B3FE-C1A4816E12FD}.Debug|x86.ActiveCfg = Debug|Any CPU
		{FFD7041D-BA33-46D3-B3FE-C1A4816E12FD}.Debug|x86.Build.0 = Debug|Any CPU
		{FFD7041D-BA33-46D3-B3FE-C1A4816E12FD}.Integration|Any CPU.ActiveCfg = Debug|Any CPU
		{FFD7041D-BA33-46D3-B3FE-C1A4816E12FD}.Integration|Any CPU.Build.0 = Debug|Any CPU
		{FFD7041D-BA33-46D3-B3FE-C1A4816E12FD}.Integration|x64.ActiveCfg = Debug|Any CPU
		{FFD7041D-BA33-46D3-B3FE-C1A4816E12FD}.Integration|x64.Build.0 = Debug|Any CPU
		{FFD7041D-BA33-46D3-B3FE-C1A4816E12FD}.Integration|x86.ActiveCfg = Debug|Any CPU
		{FFD7041D-BA33-46D3-B3FE-C1A4816E12FD}.Integration|x86.Build.0 = Debug|Any CPU
		{FFD7041D-BA33-46D3-B3FE-C1A4816E12FD}.Release|Any CPU.ActiveCfg = Release|Any CPU
		{FFD7041D-BA33-46D3-B3FE-C1A4816E12FD}.Release|Any CPU.Build.0 = Release|Any CPU
		{FFD7041D-BA33-46D3-B3FE-C1A4816E12FD}.Release|x64.ActiveCfg = Release|Any CPU
		{FFD7041D-BA33-46D3-B3FE-C1A4816E12FD}.Release|x64.Build.0 = Release|Any CPU
		{FFD7041D-BA33-46D3-B3FE-C1A4816E12FD}.Release|x86.ActiveCfg = Release|Any CPU
		{FFD7041D-BA33-46D3-B3FE-C1A4816E12FD}.Release|x86.Build.0 = Release|Any CPU
		{665EF3BF-178F-4CAA-B454-5D4FD9EB0654}.Debug|Any CPU.ActiveCfg = Debug|Any CPU
		{665EF3BF-178F-4CAA-B454-5D4FD9EB0654}.Debug|Any CPU.Build.0 = Debug|Any CPU
		{665EF3BF-178F-4CAA-B454-5D4FD9EB0654}.Debug|x64.ActiveCfg = Debug|Any CPU
		{665EF3BF-178F-4CAA-B454-5D4FD9EB0654}.Debug|x64.Build.0 = Debug|Any CPU
		{665EF3BF-178F-4CAA-B454-5D4FD9EB0654}.Debug|x86.ActiveCfg = Debug|Any CPU
		{665EF3BF-178F-4CAA-B454-5D4FD9EB0654}.Debug|x86.Build.0 = Debug|Any CPU
		{665EF3BF-178F-4CAA-B454-5D4FD9EB0654}.Integration|Any CPU.ActiveCfg = Debug|Any CPU
		{665EF3BF-178F-4CAA-B454-5D4FD9EB0654}.Integration|Any CPU.Build.0 = Debug|Any CPU
		{665EF3BF-178F-4CAA-B454-5D4FD9EB0654}.Integration|x64.ActiveCfg = Debug|Any CPU
		{665EF3BF-178F-4CAA-B454-5D4FD9EB0654}.Integration|x64.Build.0 = Debug|Any CPU
		{665EF3BF-178F-4CAA-B454-5D4FD9EB0654}.Integration|x86.ActiveCfg = Debug|Any CPU
		{665EF3BF-178F-4CAA-B454-5D4FD9EB0654}.Integration|x86.Build.0 = Debug|Any CPU
		{665EF3BF-178F-4CAA-B454-5D4FD9EB0654}.Release|Any CPU.ActiveCfg = Release|Any CPU
		{665EF3BF-178F-4CAA-B454-5D4FD9EB0654}.Release|Any CPU.Build.0 = Release|Any CPU
		{665EF3BF-178F-4CAA-B454-5D4FD9EB0654}.Release|x64.ActiveCfg = Release|Any CPU
		{665EF3BF-178F-4CAA-B454-5D4FD9EB0654}.Release|x64.Build.0 = Release|Any CPU
		{665EF3BF-178F-4CAA-B454-5D4FD9EB0654}.Release|x86.ActiveCfg = Release|Any CPU
		{665EF3BF-178F-4CAA-B454-5D4FD9EB0654}.Release|x86.Build.0 = Release|Any CPU
		{23AF6D83-93A1-47BD-8FA2-50E0FDC29090}.Debug|Any CPU.ActiveCfg = Debug|Any CPU
		{23AF6D83-93A1-47BD-8FA2-50E0FDC29090}.Debug|Any CPU.Build.0 = Debug|Any CPU
		{23AF6D83-93A1-47BD-8FA2-50E0FDC29090}.Debug|x64.ActiveCfg = Debug|Any CPU
		{23AF6D83-93A1-47BD-8FA2-50E0FDC29090}.Debug|x64.Build.0 = Debug|Any CPU
		{23AF6D83-93A1-47BD-8FA2-50E0FDC29090}.Debug|x86.ActiveCfg = Debug|Any CPU
		{23AF6D83-93A1-47BD-8FA2-50E0FDC29090}.Debug|x86.Build.0 = Debug|Any CPU
		{23AF6D83-93A1-47BD-8FA2-50E0FDC29090}.Integration|Any CPU.ActiveCfg = Debug|Any CPU
		{23AF6D83-93A1-47BD-8FA2-50E0FDC29090}.Integration|Any CPU.Build.0 = Debug|Any CPU
		{23AF6D83-93A1-47BD-8FA2-50E0FDC29090}.Integration|x64.ActiveCfg = Debug|Any CPU
		{23AF6D83-93A1-47BD-8FA2-50E0FDC29090}.Integration|x64.Build.0 = Debug|Any CPU
		{23AF6D83-93A1-47BD-8FA2-50E0FDC29090}.Integration|x86.ActiveCfg = Debug|Any CPU
		{23AF6D83-93A1-47BD-8FA2-50E0FDC29090}.Integration|x86.Build.0 = Debug|Any CPU
		{23AF6D83-93A1-47BD-8FA2-50E0FDC29090}.Release|Any CPU.ActiveCfg = Release|Any CPU
		{23AF6D83-93A1-47BD-8FA2-50E0FDC29090}.Release|Any CPU.Build.0 = Release|Any CPU
		{23AF6D83-93A1-47BD-8FA2-50E0FDC29090}.Release|x64.ActiveCfg = Release|Any CPU
		{23AF6D83-93A1-47BD-8FA2-50E0FDC29090}.Release|x64.Build.0 = Release|Any CPU
		{23AF6D83-93A1-47BD-8FA2-50E0FDC29090}.Release|x86.ActiveCfg = Release|Any CPU
		{23AF6D83-93A1-47BD-8FA2-50E0FDC29090}.Release|x86.Build.0 = Release|Any CPU
		{5A404E73-E592-43CB-9088-BA4EE50591F3}.Debug|Any CPU.ActiveCfg = Debug|Any CPU
		{5A404E73-E592-43CB-9088-BA4EE50591F3}.Debug|Any CPU.Build.0 = Debug|Any CPU
		{5A404E73-E592-43CB-9088-BA4EE50591F3}.Debug|x64.ActiveCfg = Debug|Any CPU
		{5A404E73-E592-43CB-9088-BA4EE50591F3}.Debug|x64.Build.0 = Debug|Any CPU
		{5A404E73-E592-43CB-9088-BA4EE50591F3}.Debug|x86.ActiveCfg = Debug|Any CPU
		{5A404E73-E592-43CB-9088-BA4EE50591F3}.Debug|x86.Build.0 = Debug|Any CPU
		{5A404E73-E592-43CB-9088-BA4EE50591F3}.Integration|Any CPU.ActiveCfg = Debug|Any CPU
		{5A404E73-E592-43CB-9088-BA4EE50591F3}.Integration|Any CPU.Build.0 = Debug|Any CPU
		{5A404E73-E592-43CB-9088-BA4EE50591F3}.Integration|x64.ActiveCfg = Debug|Any CPU
		{5A404E73-E592-43CB-9088-BA4EE50591F3}.Integration|x64.Build.0 = Debug|Any CPU
		{5A404E73-E592-43CB-9088-BA4EE50591F3}.Integration|x86.ActiveCfg = Debug|Any CPU
		{5A404E73-E592-43CB-9088-BA4EE50591F3}.Integration|x86.Build.0 = Debug|Any CPU
		{5A404E73-E592-43CB-9088-BA4EE50591F3}.Release|Any CPU.ActiveCfg = Release|Any CPU
		{5A404E73-E592-43CB-9088-BA4EE50591F3}.Release|Any CPU.Build.0 = Release|Any CPU
		{5A404E73-E592-43CB-9088-BA4EE50591F3}.Release|x64.ActiveCfg = Release|Any CPU
		{5A404E73-E592-43CB-9088-BA4EE50591F3}.Release|x64.Build.0 = Release|Any CPU
		{5A404E73-E592-43CB-9088-BA4EE50591F3}.Release|x86.ActiveCfg = Release|Any CPU
		{5A404E73-E592-43CB-9088-BA4EE50591F3}.Release|x86.Build.0 = Release|Any CPU
		{4C49DFF1-1B3B-41DB-A6D0-C2C8BA0468DE}.Debug|Any CPU.ActiveCfg = Debug|Any CPU
		{4C49DFF1-1B3B-41DB-A6D0-C2C8BA0468DE}.Debug|Any CPU.Build.0 = Debug|Any CPU
		{4C49DFF1-1B3B-41DB-A6D0-C2C8BA0468DE}.Debug|x64.ActiveCfg = Debug|Any CPU
		{4C49DFF1-1B3B-41DB-A6D0-C2C8BA0468DE}.Debug|x64.Build.0 = Debug|Any CPU
		{4C49DFF1-1B3B-41DB-A6D0-C2C8BA0468DE}.Debug|x86.ActiveCfg = Debug|Any CPU
		{4C49DFF1-1B3B-41DB-A6D0-C2C8BA0468DE}.Debug|x86.Build.0 = Debug|Any CPU
		{4C49DFF1-1B3B-41DB-A6D0-C2C8BA0468DE}.Integration|Any CPU.ActiveCfg = Debug|Any CPU
		{4C49DFF1-1B3B-41DB-A6D0-C2C8BA0468DE}.Integration|Any CPU.Build.0 = Debug|Any CPU
		{4C49DFF1-1B3B-41DB-A6D0-C2C8BA0468DE}.Integration|x64.ActiveCfg = Debug|Any CPU
		{4C49DFF1-1B3B-41DB-A6D0-C2C8BA0468DE}.Integration|x64.Build.0 = Debug|Any CPU
		{4C49DFF1-1B3B-41DB-A6D0-C2C8BA0468DE}.Integration|x86.ActiveCfg = Debug|Any CPU
		{4C49DFF1-1B3B-41DB-A6D0-C2C8BA0468DE}.Integration|x86.Build.0 = Debug|Any CPU
		{4C49DFF1-1B3B-41DB-A6D0-C2C8BA0468DE}.Release|Any CPU.ActiveCfg = Release|Any CPU
		{4C49DFF1-1B3B-41DB-A6D0-C2C8BA0468DE}.Release|Any CPU.Build.0 = Release|Any CPU
		{4C49DFF1-1B3B-41DB-A6D0-C2C8BA0468DE}.Release|x64.ActiveCfg = Release|Any CPU
		{4C49DFF1-1B3B-41DB-A6D0-C2C8BA0468DE}.Release|x64.Build.0 = Release|Any CPU
		{4C49DFF1-1B3B-41DB-A6D0-C2C8BA0468DE}.Release|x86.ActiveCfg = Release|Any CPU
		{4C49DFF1-1B3B-41DB-A6D0-C2C8BA0468DE}.Release|x86.Build.0 = Release|Any CPU
		{8AF3ECAB-3E1F-485E-960E-05C7826E6617}.Debug|Any CPU.ActiveCfg = Debug|Any CPU
		{8AF3ECAB-3E1F-485E-960E-05C7826E6617}.Debug|Any CPU.Build.0 = Debug|Any CPU
		{8AF3ECAB-3E1F-485E-960E-05C7826E6617}.Debug|x64.ActiveCfg = Debug|Any CPU
		{8AF3ECAB-3E1F-485E-960E-05C7826E6617}.Debug|x64.Build.0 = Debug|Any CPU
		{8AF3ECAB-3E1F-485E-960E-05C7826E6617}.Debug|x86.ActiveCfg = Debug|Any CPU
		{8AF3ECAB-3E1F-485E-960E-05C7826E6617}.Debug|x86.Build.0 = Debug|Any CPU
		{8AF3ECAB-3E1F-485E-960E-05C7826E6617}.Integration|Any CPU.ActiveCfg = Debug|Any CPU
		{8AF3ECAB-3E1F-485E-960E-05C7826E6617}.Integration|Any CPU.Build.0 = Debug|Any CPU
		{8AF3ECAB-3E1F-485E-960E-05C7826E6617}.Integration|x64.ActiveCfg = Debug|Any CPU
		{8AF3ECAB-3E1F-485E-960E-05C7826E6617}.Integration|x64.Build.0 = Debug|Any CPU
		{8AF3ECAB-3E1F-485E-960E-05C7826E6617}.Integration|x86.ActiveCfg = Debug|Any CPU
		{8AF3ECAB-3E1F-485E-960E-05C7826E6617}.Integration|x86.Build.0 = Debug|Any CPU
		{8AF3ECAB-3E1F-485E-960E-05C7826E6617}.Release|Any CPU.ActiveCfg = Release|Any CPU
		{8AF3ECAB-3E1F-485E-960E-05C7826E6617}.Release|Any CPU.Build.0 = Release|Any CPU
		{8AF3ECAB-3E1F-485E-960E-05C7826E6617}.Release|x64.ActiveCfg = Release|Any CPU
		{8AF3ECAB-3E1F-485E-960E-05C7826E6617}.Release|x64.Build.0 = Release|Any CPU
		{8AF3ECAB-3E1F-485E-960E-05C7826E6617}.Release|x86.ActiveCfg = Release|Any CPU
		{8AF3ECAB-3E1F-485E-960E-05C7826E6617}.Release|x86.Build.0 = Release|Any CPU
		{6310C969-8EB2-4ADA-8A27-9BE8A89E0B46}.Debug|Any CPU.ActiveCfg = Debug|Any CPU
		{6310C969-8EB2-4ADA-8A27-9BE8A89E0B46}.Debug|Any CPU.Build.0 = Debug|Any CPU
		{6310C969-8EB2-4ADA-8A27-9BE8A89E0B46}.Debug|x64.ActiveCfg = Debug|Any CPU
		{6310C969-8EB2-4ADA-8A27-9BE8A89E0B46}.Debug|x64.Build.0 = Debug|Any CPU
		{6310C969-8EB2-4ADA-8A27-9BE8A89E0B46}.Debug|x86.ActiveCfg = Debug|Any CPU
		{6310C969-8EB2-4ADA-8A27-9BE8A89E0B46}.Debug|x86.Build.0 = Debug|Any CPU
		{6310C969-8EB2-4ADA-8A27-9BE8A89E0B46}.Integration|Any CPU.ActiveCfg = Debug|Any CPU
		{6310C969-8EB2-4ADA-8A27-9BE8A89E0B46}.Integration|Any CPU.Build.0 = Debug|Any CPU
		{6310C969-8EB2-4ADA-8A27-9BE8A89E0B46}.Integration|x64.ActiveCfg = Debug|Any CPU
		{6310C969-8EB2-4ADA-8A27-9BE8A89E0B46}.Integration|x64.Build.0 = Debug|Any CPU
		{6310C969-8EB2-4ADA-8A27-9BE8A89E0B46}.Integration|x86.ActiveCfg = Debug|Any CPU
		{6310C969-8EB2-4ADA-8A27-9BE8A89E0B46}.Integration|x86.Build.0 = Debug|Any CPU
		{6310C969-8EB2-4ADA-8A27-9BE8A89E0B46}.Release|Any CPU.ActiveCfg = Release|Any CPU
		{6310C969-8EB2-4ADA-8A27-9BE8A89E0B46}.Release|Any CPU.Build.0 = Release|Any CPU
		{6310C969-8EB2-4ADA-8A27-9BE8A89E0B46}.Release|x64.ActiveCfg = Release|Any CPU
		{6310C969-8EB2-4ADA-8A27-9BE8A89E0B46}.Release|x64.Build.0 = Release|Any CPU
		{6310C969-8EB2-4ADA-8A27-9BE8A89E0B46}.Release|x86.ActiveCfg = Release|Any CPU
		{6310C969-8EB2-4ADA-8A27-9BE8A89E0B46}.Release|x86.Build.0 = Release|Any CPU
		{E1C3CA59-38DE-4D7F-9A4B-E3A9722AC608}.Debug|Any CPU.ActiveCfg = Debug|Any CPU
		{E1C3CA59-38DE-4D7F-9A4B-E3A9722AC608}.Debug|Any CPU.Build.0 = Debug|Any CPU
		{E1C3CA59-38DE-4D7F-9A4B-E3A9722AC608}.Debug|x64.ActiveCfg = Debug|Any CPU
		{E1C3CA59-38DE-4D7F-9A4B-E3A9722AC608}.Debug|x64.Build.0 = Debug|Any CPU
		{E1C3CA59-38DE-4D7F-9A4B-E3A9722AC608}.Debug|x86.ActiveCfg = Debug|Any CPU
		{E1C3CA59-38DE-4D7F-9A4B-E3A9722AC608}.Debug|x86.Build.0 = Debug|Any CPU
		{E1C3CA59-38DE-4D7F-9A4B-E3A9722AC608}.Integration|Any CPU.ActiveCfg = Debug|Any CPU
		{E1C3CA59-38DE-4D7F-9A4B-E3A9722AC608}.Integration|Any CPU.Build.0 = Debug|Any CPU
		{E1C3CA59-38DE-4D7F-9A4B-E3A9722AC608}.Integration|x64.ActiveCfg = Debug|Any CPU
		{E1C3CA59-38DE-4D7F-9A4B-E3A9722AC608}.Integration|x64.Build.0 = Debug|Any CPU
		{E1C3CA59-38DE-4D7F-9A4B-E3A9722AC608}.Integration|x86.ActiveCfg = Debug|Any CPU
		{E1C3CA59-38DE-4D7F-9A4B-E3A9722AC608}.Integration|x86.Build.0 = Debug|Any CPU
		{E1C3CA59-38DE-4D7F-9A4B-E3A9722AC608}.Release|Any CPU.ActiveCfg = Release|Any CPU
		{E1C3CA59-38DE-4D7F-9A4B-E3A9722AC608}.Release|Any CPU.Build.0 = Release|Any CPU
		{E1C3CA59-38DE-4D7F-9A4B-E3A9722AC608}.Release|x64.ActiveCfg = Release|Any CPU
		{E1C3CA59-38DE-4D7F-9A4B-E3A9722AC608}.Release|x64.Build.0 = Release|Any CPU
		{E1C3CA59-38DE-4D7F-9A4B-E3A9722AC608}.Release|x86.ActiveCfg = Release|Any CPU
		{E1C3CA59-38DE-4D7F-9A4B-E3A9722AC608}.Release|x86.Build.0 = Release|Any CPU
		{8557C084-3EF0-4591-821A-62DEDABC8982}.Debug|Any CPU.ActiveCfg = Debug|Any CPU
		{8557C084-3EF0-4591-821A-62DEDABC8982}.Debug|Any CPU.Build.0 = Debug|Any CPU
		{8557C084-3EF0-4591-821A-62DEDABC8982}.Debug|x64.ActiveCfg = Debug|Any CPU
		{8557C084-3EF0-4591-821A-62DEDABC8982}.Debug|x64.Build.0 = Debug|Any CPU
		{8557C084-3EF0-4591-821A-62DEDABC8982}.Debug|x86.ActiveCfg = Debug|Any CPU
		{8557C084-3EF0-4591-821A-62DEDABC8982}.Debug|x86.Build.0 = Debug|Any CPU
		{8557C084-3EF0-4591-821A-62DEDABC8982}.Integration|Any CPU.ActiveCfg = Debug|Any CPU
		{8557C084-3EF0-4591-821A-62DEDABC8982}.Integration|Any CPU.Build.0 = Debug|Any CPU
		{8557C084-3EF0-4591-821A-62DEDABC8982}.Integration|x64.ActiveCfg = Debug|Any CPU
		{8557C084-3EF0-4591-821A-62DEDABC8982}.Integration|x64.Build.0 = Debug|Any CPU
		{8557C084-3EF0-4591-821A-62DEDABC8982}.Integration|x86.ActiveCfg = Debug|Any CPU
		{8557C084-3EF0-4591-821A-62DEDABC8982}.Integration|x86.Build.0 = Debug|Any CPU
		{8557C084-3EF0-4591-821A-62DEDABC8982}.Release|Any CPU.ActiveCfg = Release|Any CPU
		{8557C084-3EF0-4591-821A-62DEDABC8982}.Release|Any CPU.Build.0 = Release|Any CPU
		{8557C084-3EF0-4591-821A-62DEDABC8982}.Release|x64.ActiveCfg = Release|Any CPU
		{8557C084-3EF0-4591-821A-62DEDABC8982}.Release|x64.Build.0 = Release|Any CPU
		{8557C084-3EF0-4591-821A-62DEDABC8982}.Release|x86.ActiveCfg = Release|Any CPU
		{8557C084-3EF0-4591-821A-62DEDABC8982}.Release|x86.Build.0 = Release|Any CPU
		{AE6FADE4-B818-4537-B4CC-86B530784A4B}.Debug|Any CPU.ActiveCfg = Debug|Any CPU
		{AE6FADE4-B818-4537-B4CC-86B530784A4B}.Debug|Any CPU.Build.0 = Debug|Any CPU
		{AE6FADE4-B818-4537-B4CC-86B530784A4B}.Debug|x64.ActiveCfg = Debug|Any CPU
		{AE6FADE4-B818-4537-B4CC-86B530784A4B}.Debug|x64.Build.0 = Debug|Any CPU
		{AE6FADE4-B818-4537-B4CC-86B530784A4B}.Debug|x86.ActiveCfg = Debug|Any CPU
		{AE6FADE4-B818-4537-B4CC-86B530784A4B}.Debug|x86.Build.0 = Debug|Any CPU
		{AE6FADE4-B818-4537-B4CC-86B530784A4B}.Integration|Any CPU.ActiveCfg = Debug|Any CPU
		{AE6FADE4-B818-4537-B4CC-86B530784A4B}.Integration|Any CPU.Build.0 = Debug|Any CPU
		{AE6FADE4-B818-4537-B4CC-86B530784A4B}.Integration|x64.ActiveCfg = Debug|Any CPU
		{AE6FADE4-B818-4537-B4CC-86B530784A4B}.Integration|x64.Build.0 = Debug|Any CPU
		{AE6FADE4-B818-4537-B4CC-86B530784A4B}.Integration|x86.ActiveCfg = Debug|Any CPU
		{AE6FADE4-B818-4537-B4CC-86B530784A4B}.Integration|x86.Build.0 = Debug|Any CPU
		{AE6FADE4-B818-4537-B4CC-86B530784A4B}.Release|Any CPU.ActiveCfg = Release|Any CPU
		{AE6FADE4-B818-4537-B4CC-86B530784A4B}.Release|Any CPU.Build.0 = Release|Any CPU
		{AE6FADE4-B818-4537-B4CC-86B530784A4B}.Release|x64.ActiveCfg = Release|Any CPU
		{AE6FADE4-B818-4537-B4CC-86B530784A4B}.Release|x64.Build.0 = Release|Any CPU
		{AE6FADE4-B818-4537-B4CC-86B530784A4B}.Release|x86.ActiveCfg = Release|Any CPU
		{AE6FADE4-B818-4537-B4CC-86B530784A4B}.Release|x86.Build.0 = Release|Any CPU
		{52B52332-516C-459E-A6AC-0D8A4EF76AEA}.Debug|Any CPU.ActiveCfg = Debug|Any CPU
		{52B52332-516C-459E-A6AC-0D8A4EF76AEA}.Debug|Any CPU.Build.0 = Debug|Any CPU
		{52B52332-516C-459E-A6AC-0D8A4EF76AEA}.Debug|x64.ActiveCfg = Debug|Any CPU
		{52B52332-516C-459E-A6AC-0D8A4EF76AEA}.Debug|x64.Build.0 = Debug|Any CPU
		{52B52332-516C-459E-A6AC-0D8A4EF76AEA}.Debug|x86.ActiveCfg = Debug|Any CPU
		{52B52332-516C-459E-A6AC-0D8A4EF76AEA}.Debug|x86.Build.0 = Debug|Any CPU
		{52B52332-516C-459E-A6AC-0D8A4EF76AEA}.Integration|Any CPU.ActiveCfg = Debug|Any CPU
		{52B52332-516C-459E-A6AC-0D8A4EF76AEA}.Integration|Any CPU.Build.0 = Debug|Any CPU
		{52B52332-516C-459E-A6AC-0D8A4EF76AEA}.Integration|x64.ActiveCfg = Debug|Any CPU
		{52B52332-516C-459E-A6AC-0D8A4EF76AEA}.Integration|x64.Build.0 = Debug|Any CPU
		{52B52332-516C-459E-A6AC-0D8A4EF76AEA}.Integration|x86.ActiveCfg = Debug|Any CPU
		{52B52332-516C-459E-A6AC-0D8A4EF76AEA}.Integration|x86.Build.0 = Debug|Any CPU
		{52B52332-516C-459E-A6AC-0D8A4EF76AEA}.Release|Any CPU.ActiveCfg = Release|Any CPU
		{52B52332-516C-459E-A6AC-0D8A4EF76AEA}.Release|Any CPU.Build.0 = Release|Any CPU
		{52B52332-516C-459E-A6AC-0D8A4EF76AEA}.Release|x64.ActiveCfg = Release|Any CPU
		{52B52332-516C-459E-A6AC-0D8A4EF76AEA}.Release|x64.Build.0 = Release|Any CPU
		{52B52332-516C-459E-A6AC-0D8A4EF76AEA}.Release|x86.ActiveCfg = Release|Any CPU
		{52B52332-516C-459E-A6AC-0D8A4EF76AEA}.Release|x86.Build.0 = Release|Any CPU
		{F312AAE5-EEB3-4978-A1B0-1A75DDD7E980}.Debug|Any CPU.ActiveCfg = Debug|Any CPU
		{F312AAE5-EEB3-4978-A1B0-1A75DDD7E980}.Debug|Any CPU.Build.0 = Debug|Any CPU
		{F312AAE5-EEB3-4978-A1B0-1A75DDD7E980}.Debug|x64.ActiveCfg = Debug|Any CPU
		{F312AAE5-EEB3-4978-A1B0-1A75DDD7E980}.Debug|x64.Build.0 = Debug|Any CPU
		{F312AAE5-EEB3-4978-A1B0-1A75DDD7E980}.Debug|x86.ActiveCfg = Debug|Any CPU
		{F312AAE5-EEB3-4978-A1B0-1A75DDD7E980}.Debug|x86.Build.0 = Debug|Any CPU
		{F312AAE5-EEB3-4978-A1B0-1A75DDD7E980}.Integration|Any CPU.ActiveCfg = Debug|Any CPU
		{F312AAE5-EEB3-4978-A1B0-1A75DDD7E980}.Integration|Any CPU.Build.0 = Debug|Any CPU
		{F312AAE5-EEB3-4978-A1B0-1A75DDD7E980}.Integration|x64.ActiveCfg = Debug|Any CPU
		{F312AAE5-EEB3-4978-A1B0-1A75DDD7E980}.Integration|x64.Build.0 = Debug|Any CPU
		{F312AAE5-EEB3-4978-A1B0-1A75DDD7E980}.Integration|x86.ActiveCfg = Debug|Any CPU
		{F312AAE5-EEB3-4978-A1B0-1A75DDD7E980}.Integration|x86.Build.0 = Debug|Any CPU
		{F312AAE5-EEB3-4978-A1B0-1A75DDD7E980}.Release|Any CPU.ActiveCfg = Release|Any CPU
		{F312AAE5-EEB3-4978-A1B0-1A75DDD7E980}.Release|Any CPU.Build.0 = Release|Any CPU
		{F312AAE5-EEB3-4978-A1B0-1A75DDD7E980}.Release|x64.ActiveCfg = Release|Any CPU
		{F312AAE5-EEB3-4978-A1B0-1A75DDD7E980}.Release|x64.Build.0 = Release|Any CPU
		{F312AAE5-EEB3-4978-A1B0-1A75DDD7E980}.Release|x86.ActiveCfg = Release|Any CPU
		{F312AAE5-EEB3-4978-A1B0-1A75DDD7E980}.Release|x86.Build.0 = Release|Any CPU
		{A71E8BB2-47E4-4094-9C14-13F266B87D53}.Debug|Any CPU.ActiveCfg = Debug|Any CPU
		{A71E8BB2-47E4-4094-9C14-13F266B87D53}.Debug|Any CPU.Build.0 = Debug|Any CPU
		{A71E8BB2-47E4-4094-9C14-13F266B87D53}.Debug|x64.ActiveCfg = Debug|Any CPU
		{A71E8BB2-47E4-4094-9C14-13F266B87D53}.Debug|x64.Build.0 = Debug|Any CPU
		{A71E8BB2-47E4-4094-9C14-13F266B87D53}.Debug|x86.ActiveCfg = Debug|Any CPU
		{A71E8BB2-47E4-4094-9C14-13F266B87D53}.Debug|x86.Build.0 = Debug|Any CPU
		{A71E8BB2-47E4-4094-9C14-13F266B87D53}.Integration|Any CPU.ActiveCfg = Debug|Any CPU
		{A71E8BB2-47E4-4094-9C14-13F266B87D53}.Integration|Any CPU.Build.0 = Debug|Any CPU
		{A71E8BB2-47E4-4094-9C14-13F266B87D53}.Integration|x64.ActiveCfg = Debug|Any CPU
		{A71E8BB2-47E4-4094-9C14-13F266B87D53}.Integration|x64.Build.0 = Debug|Any CPU
		{A71E8BB2-47E4-4094-9C14-13F266B87D53}.Integration|x86.ActiveCfg = Debug|Any CPU
		{A71E8BB2-47E4-4094-9C14-13F266B87D53}.Integration|x86.Build.0 = Debug|Any CPU
		{A71E8BB2-47E4-4094-9C14-13F266B87D53}.Release|Any CPU.ActiveCfg = Release|Any CPU
		{A71E8BB2-47E4-4094-9C14-13F266B87D53}.Release|Any CPU.Build.0 = Release|Any CPU
		{A71E8BB2-47E4-4094-9C14-13F266B87D53}.Release|x64.ActiveCfg = Release|Any CPU
		{A71E8BB2-47E4-4094-9C14-13F266B87D53}.Release|x64.Build.0 = Release|Any CPU
		{A71E8BB2-47E4-4094-9C14-13F266B87D53}.Release|x86.ActiveCfg = Release|Any CPU
		{A71E8BB2-47E4-4094-9C14-13F266B87D53}.Release|x86.Build.0 = Release|Any CPU
		{D0269FBA-F76A-4DB8-A92E-65CBCB62F89D}.Debug|Any CPU.ActiveCfg = Debug|Any CPU
		{D0269FBA-F76A-4DB8-A92E-65CBCB62F89D}.Debug|Any CPU.Build.0 = Debug|Any CPU
		{D0269FBA-F76A-4DB8-A92E-65CBCB62F89D}.Debug|x64.ActiveCfg = Debug|Any CPU
		{D0269FBA-F76A-4DB8-A92E-65CBCB62F89D}.Debug|x64.Build.0 = Debug|Any CPU
		{D0269FBA-F76A-4DB8-A92E-65CBCB62F89D}.Debug|x86.ActiveCfg = Debug|Any CPU
		{D0269FBA-F76A-4DB8-A92E-65CBCB62F89D}.Debug|x86.Build.0 = Debug|Any CPU
		{D0269FBA-F76A-4DB8-A92E-65CBCB62F89D}.Integration|Any CPU.ActiveCfg = Debug|Any CPU
		{D0269FBA-F76A-4DB8-A92E-65CBCB62F89D}.Integration|Any CPU.Build.0 = Debug|Any CPU
		{D0269FBA-F76A-4DB8-A92E-65CBCB62F89D}.Integration|x64.ActiveCfg = Debug|Any CPU
		{D0269FBA-F76A-4DB8-A92E-65CBCB62F89D}.Integration|x64.Build.0 = Debug|Any CPU
		{D0269FBA-F76A-4DB8-A92E-65CBCB62F89D}.Integration|x86.ActiveCfg = Debug|Any CPU
		{D0269FBA-F76A-4DB8-A92E-65CBCB62F89D}.Integration|x86.Build.0 = Debug|Any CPU
		{D0269FBA-F76A-4DB8-A92E-65CBCB62F89D}.Release|Any CPU.ActiveCfg = Release|Any CPU
		{D0269FBA-F76A-4DB8-A92E-65CBCB62F89D}.Release|Any CPU.Build.0 = Release|Any CPU
		{D0269FBA-F76A-4DB8-A92E-65CBCB62F89D}.Release|x64.ActiveCfg = Release|Any CPU
		{D0269FBA-F76A-4DB8-A92E-65CBCB62F89D}.Release|x64.Build.0 = Release|Any CPU
		{D0269FBA-F76A-4DB8-A92E-65CBCB62F89D}.Release|x86.ActiveCfg = Release|Any CPU
		{D0269FBA-F76A-4DB8-A92E-65CBCB62F89D}.Release|x86.Build.0 = Release|Any CPU
		{6D66D6C4-8860-4434-86A3-AF8F3B04B3FF}.Debug|Any CPU.ActiveCfg = Debug|Any CPU
		{6D66D6C4-8860-4434-86A3-AF8F3B04B3FF}.Debug|Any CPU.Build.0 = Debug|Any CPU
		{6D66D6C4-8860-4434-86A3-AF8F3B04B3FF}.Debug|x64.ActiveCfg = Debug|Any CPU
		{6D66D6C4-8860-4434-86A3-AF8F3B04B3FF}.Debug|x64.Build.0 = Debug|Any CPU
		{6D66D6C4-8860-4434-86A3-AF8F3B04B3FF}.Debug|x86.ActiveCfg = Debug|Any CPU
		{6D66D6C4-8860-4434-86A3-AF8F3B04B3FF}.Debug|x86.Build.0 = Debug|Any CPU
		{6D66D6C4-8860-4434-86A3-AF8F3B04B3FF}.Integration|Any CPU.ActiveCfg = Debug|Any CPU
		{6D66D6C4-8860-4434-86A3-AF8F3B04B3FF}.Integration|Any CPU.Build.0 = Debug|Any CPU
		{6D66D6C4-8860-4434-86A3-AF8F3B04B3FF}.Integration|x64.ActiveCfg = Debug|Any CPU
		{6D66D6C4-8860-4434-86A3-AF8F3B04B3FF}.Integration|x64.Build.0 = Debug|Any CPU
		{6D66D6C4-8860-4434-86A3-AF8F3B04B3FF}.Integration|x86.ActiveCfg = Debug|Any CPU
		{6D66D6C4-8860-4434-86A3-AF8F3B04B3FF}.Integration|x86.Build.0 = Debug|Any CPU
		{6D66D6C4-8860-4434-86A3-AF8F3B04B3FF}.Release|Any CPU.ActiveCfg = Release|Any CPU
		{6D66D6C4-8860-4434-86A3-AF8F3B04B3FF}.Release|Any CPU.Build.0 = Release|Any CPU
		{6D66D6C4-8860-4434-86A3-AF8F3B04B3FF}.Release|x64.ActiveCfg = Release|Any CPU
		{6D66D6C4-8860-4434-86A3-AF8F3B04B3FF}.Release|x64.Build.0 = Release|Any CPU
		{6D66D6C4-8860-4434-86A3-AF8F3B04B3FF}.Release|x86.ActiveCfg = Release|Any CPU
		{6D66D6C4-8860-4434-86A3-AF8F3B04B3FF}.Release|x86.Build.0 = Release|Any CPU
		{F09D6742-74DE-4339-A880-AEF82137C2B8}.Debug|Any CPU.ActiveCfg = Debug|Any CPU
		{F09D6742-74DE-4339-A880-AEF82137C2B8}.Debug|Any CPU.Build.0 = Debug|Any CPU
		{F09D6742-74DE-4339-A880-AEF82137C2B8}.Debug|x64.ActiveCfg = Debug|Any CPU
		{F09D6742-74DE-4339-A880-AEF82137C2B8}.Debug|x64.Build.0 = Debug|Any CPU
		{F09D6742-74DE-4339-A880-AEF82137C2B8}.Debug|x86.ActiveCfg = Debug|Any CPU
		{F09D6742-74DE-4339-A880-AEF82137C2B8}.Debug|x86.Build.0 = Debug|Any CPU
		{F09D6742-74DE-4339-A880-AEF82137C2B8}.Integration|Any CPU.ActiveCfg = Debug|Any CPU
		{F09D6742-74DE-4339-A880-AEF82137C2B8}.Integration|Any CPU.Build.0 = Debug|Any CPU
		{F09D6742-74DE-4339-A880-AEF82137C2B8}.Integration|x64.ActiveCfg = Debug|Any CPU
		{F09D6742-74DE-4339-A880-AEF82137C2B8}.Integration|x64.Build.0 = Debug|Any CPU
		{F09D6742-74DE-4339-A880-AEF82137C2B8}.Integration|x86.ActiveCfg = Debug|Any CPU
		{F09D6742-74DE-4339-A880-AEF82137C2B8}.Integration|x86.Build.0 = Debug|Any CPU
		{F09D6742-74DE-4339-A880-AEF82137C2B8}.Release|Any CPU.ActiveCfg = Release|Any CPU
		{F09D6742-74DE-4339-A880-AEF82137C2B8}.Release|Any CPU.Build.0 = Release|Any CPU
		{F09D6742-74DE-4339-A880-AEF82137C2B8}.Release|x64.ActiveCfg = Release|Any CPU
		{F09D6742-74DE-4339-A880-AEF82137C2B8}.Release|x64.Build.0 = Release|Any CPU
		{F09D6742-74DE-4339-A880-AEF82137C2B8}.Release|x86.ActiveCfg = Release|Any CPU
		{F09D6742-74DE-4339-A880-AEF82137C2B8}.Release|x86.Build.0 = Release|Any CPU
		{9515E026-9216-4407-8A42-F40CBB88EEF2}.Debug|Any CPU.ActiveCfg = Debug|Any CPU
		{9515E026-9216-4407-8A42-F40CBB88EEF2}.Debug|Any CPU.Build.0 = Debug|Any CPU
		{9515E026-9216-4407-8A42-F40CBB88EEF2}.Debug|x64.ActiveCfg = Debug|Any CPU
		{9515E026-9216-4407-8A42-F40CBB88EEF2}.Debug|x64.Build.0 = Debug|Any CPU
		{9515E026-9216-4407-8A42-F40CBB88EEF2}.Debug|x86.ActiveCfg = Debug|Any CPU
		{9515E026-9216-4407-8A42-F40CBB88EEF2}.Debug|x86.Build.0 = Debug|Any CPU
		{9515E026-9216-4407-8A42-F40CBB88EEF2}.Integration|Any CPU.ActiveCfg = Debug|Any CPU
		{9515E026-9216-4407-8A42-F40CBB88EEF2}.Integration|Any CPU.Build.0 = Debug|Any CPU
		{9515E026-9216-4407-8A42-F40CBB88EEF2}.Integration|x64.ActiveCfg = Debug|Any CPU
		{9515E026-9216-4407-8A42-F40CBB88EEF2}.Integration|x64.Build.0 = Debug|Any CPU
		{9515E026-9216-4407-8A42-F40CBB88EEF2}.Integration|x86.ActiveCfg = Debug|Any CPU
		{9515E026-9216-4407-8A42-F40CBB88EEF2}.Integration|x86.Build.0 = Debug|Any CPU
		{9515E026-9216-4407-8A42-F40CBB88EEF2}.Release|Any CPU.ActiveCfg = Release|Any CPU
		{9515E026-9216-4407-8A42-F40CBB88EEF2}.Release|Any CPU.Build.0 = Release|Any CPU
		{9515E026-9216-4407-8A42-F40CBB88EEF2}.Release|x64.ActiveCfg = Release|Any CPU
		{9515E026-9216-4407-8A42-F40CBB88EEF2}.Release|x64.Build.0 = Release|Any CPU
		{9515E026-9216-4407-8A42-F40CBB88EEF2}.Release|x86.ActiveCfg = Release|Any CPU
		{9515E026-9216-4407-8A42-F40CBB88EEF2}.Release|x86.Build.0 = Release|Any CPU
		{C0F0BBC4-107E-4655-B09C-8D36BFEEEB80}.Debug|Any CPU.ActiveCfg = Debug|Any CPU
		{C0F0BBC4-107E-4655-B09C-8D36BFEEEB80}.Debug|Any CPU.Build.0 = Debug|Any CPU
		{C0F0BBC4-107E-4655-B09C-8D36BFEEEB80}.Debug|x64.ActiveCfg = Debug|Any CPU
		{C0F0BBC4-107E-4655-B09C-8D36BFEEEB80}.Debug|x64.Build.0 = Debug|Any CPU
		{C0F0BBC4-107E-4655-B09C-8D36BFEEEB80}.Debug|x86.ActiveCfg = Debug|Any CPU
		{C0F0BBC4-107E-4655-B09C-8D36BFEEEB80}.Debug|x86.Build.0 = Debug|Any CPU
		{C0F0BBC4-107E-4655-B09C-8D36BFEEEB80}.Integration|Any CPU.ActiveCfg = Debug|Any CPU
		{C0F0BBC4-107E-4655-B09C-8D36BFEEEB80}.Integration|Any CPU.Build.0 = Debug|Any CPU
		{C0F0BBC4-107E-4655-B09C-8D36BFEEEB80}.Integration|x64.ActiveCfg = Debug|Any CPU
		{C0F0BBC4-107E-4655-B09C-8D36BFEEEB80}.Integration|x64.Build.0 = Debug|Any CPU
		{C0F0BBC4-107E-4655-B09C-8D36BFEEEB80}.Integration|x86.ActiveCfg = Debug|Any CPU
		{C0F0BBC4-107E-4655-B09C-8D36BFEEEB80}.Integration|x86.Build.0 = Debug|Any CPU
		{C0F0BBC4-107E-4655-B09C-8D36BFEEEB80}.Release|Any CPU.ActiveCfg = Release|Any CPU
		{C0F0BBC4-107E-4655-B09C-8D36BFEEEB80}.Release|Any CPU.Build.0 = Release|Any CPU
		{C0F0BBC4-107E-4655-B09C-8D36BFEEEB80}.Release|x64.ActiveCfg = Release|Any CPU
		{C0F0BBC4-107E-4655-B09C-8D36BFEEEB80}.Release|x64.Build.0 = Release|Any CPU
		{C0F0BBC4-107E-4655-B09C-8D36BFEEEB80}.Release|x86.ActiveCfg = Release|Any CPU
		{C0F0BBC4-107E-4655-B09C-8D36BFEEEB80}.Release|x86.Build.0 = Release|Any CPU
		{8703F543-285A-428B-92BC-2AC301F6C0BB}.Debug|Any CPU.ActiveCfg = Debug|Any CPU
		{8703F543-285A-428B-92BC-2AC301F6C0BB}.Debug|Any CPU.Build.0 = Debug|Any CPU
		{8703F543-285A-428B-92BC-2AC301F6C0BB}.Debug|x64.ActiveCfg = Debug|Any CPU
		{8703F543-285A-428B-92BC-2AC301F6C0BB}.Debug|x64.Build.0 = Debug|Any CPU
		{8703F543-285A-428B-92BC-2AC301F6C0BB}.Debug|x86.ActiveCfg = Debug|Any CPU
		{8703F543-285A-428B-92BC-2AC301F6C0BB}.Debug|x86.Build.0 = Debug|Any CPU
		{8703F543-285A-428B-92BC-2AC301F6C0BB}.Integration|Any CPU.ActiveCfg = Debug|Any CPU
		{8703F543-285A-428B-92BC-2AC301F6C0BB}.Integration|Any CPU.Build.0 = Debug|Any CPU
		{8703F543-285A-428B-92BC-2AC301F6C0BB}.Integration|x64.ActiveCfg = Debug|Any CPU
		{8703F543-285A-428B-92BC-2AC301F6C0BB}.Integration|x64.Build.0 = Debug|Any CPU
		{8703F543-285A-428B-92BC-2AC301F6C0BB}.Integration|x86.ActiveCfg = Debug|Any CPU
		{8703F543-285A-428B-92BC-2AC301F6C0BB}.Integration|x86.Build.0 = Debug|Any CPU
		{8703F543-285A-428B-92BC-2AC301F6C0BB}.Release|Any CPU.ActiveCfg = Release|Any CPU
		{8703F543-285A-428B-92BC-2AC301F6C0BB}.Release|Any CPU.Build.0 = Release|Any CPU
		{8703F543-285A-428B-92BC-2AC301F6C0BB}.Release|x64.ActiveCfg = Release|Any CPU
		{8703F543-285A-428B-92BC-2AC301F6C0BB}.Release|x64.Build.0 = Release|Any CPU
		{8703F543-285A-428B-92BC-2AC301F6C0BB}.Release|x86.ActiveCfg = Release|Any CPU
		{8703F543-285A-428B-92BC-2AC301F6C0BB}.Release|x86.Build.0 = Release|Any CPU
		{08E74EC3-F2DC-4F3E-99B9-B7337D65D92A}.Debug|Any CPU.ActiveCfg = Debug|Any CPU
		{08E74EC3-F2DC-4F3E-99B9-B7337D65D92A}.Debug|Any CPU.Build.0 = Debug|Any CPU
		{08E74EC3-F2DC-4F3E-99B9-B7337D65D92A}.Debug|x64.ActiveCfg = Debug|Any CPU
		{08E74EC3-F2DC-4F3E-99B9-B7337D65D92A}.Debug|x64.Build.0 = Debug|Any CPU
		{08E74EC3-F2DC-4F3E-99B9-B7337D65D92A}.Debug|x86.ActiveCfg = Debug|Any CPU
		{08E74EC3-F2DC-4F3E-99B9-B7337D65D92A}.Debug|x86.Build.0 = Debug|Any CPU
		{08E74EC3-F2DC-4F3E-99B9-B7337D65D92A}.Integration|Any CPU.ActiveCfg = Debug|Any CPU
		{08E74EC3-F2DC-4F3E-99B9-B7337D65D92A}.Integration|Any CPU.Build.0 = Debug|Any CPU
		{08E74EC3-F2DC-4F3E-99B9-B7337D65D92A}.Integration|x64.ActiveCfg = Debug|Any CPU
		{08E74EC3-F2DC-4F3E-99B9-B7337D65D92A}.Integration|x64.Build.0 = Debug|Any CPU
		{08E74EC3-F2DC-4F3E-99B9-B7337D65D92A}.Integration|x86.ActiveCfg = Debug|Any CPU
		{08E74EC3-F2DC-4F3E-99B9-B7337D65D92A}.Integration|x86.Build.0 = Debug|Any CPU
		{08E74EC3-F2DC-4F3E-99B9-B7337D65D92A}.Release|Any CPU.ActiveCfg = Release|Any CPU
		{08E74EC3-F2DC-4F3E-99B9-B7337D65D92A}.Release|Any CPU.Build.0 = Release|Any CPU
		{08E74EC3-F2DC-4F3E-99B9-B7337D65D92A}.Release|x64.ActiveCfg = Release|Any CPU
		{08E74EC3-F2DC-4F3E-99B9-B7337D65D92A}.Release|x64.Build.0 = Release|Any CPU
		{08E74EC3-F2DC-4F3E-99B9-B7337D65D92A}.Release|x86.ActiveCfg = Release|Any CPU
		{08E74EC3-F2DC-4F3E-99B9-B7337D65D92A}.Release|x86.Build.0 = Release|Any CPU
		{FED1EE35-3EAC-47BA-9125-4B99A944C577}.Debug|Any CPU.ActiveCfg = Debug|Any CPU
		{FED1EE35-3EAC-47BA-9125-4B99A944C577}.Debug|Any CPU.Build.0 = Debug|Any CPU
		{FED1EE35-3EAC-47BA-9125-4B99A944C577}.Debug|x64.ActiveCfg = Debug|Any CPU
		{FED1EE35-3EAC-47BA-9125-4B99A944C577}.Debug|x64.Build.0 = Debug|Any CPU
		{FED1EE35-3EAC-47BA-9125-4B99A944C577}.Debug|x86.ActiveCfg = Debug|Any CPU
		{FED1EE35-3EAC-47BA-9125-4B99A944C577}.Debug|x86.Build.0 = Debug|Any CPU
		{FED1EE35-3EAC-47BA-9125-4B99A944C577}.Integration|Any CPU.ActiveCfg = Debug|Any CPU
		{FED1EE35-3EAC-47BA-9125-4B99A944C577}.Integration|Any CPU.Build.0 = Debug|Any CPU
		{FED1EE35-3EAC-47BA-9125-4B99A944C577}.Integration|x64.ActiveCfg = Debug|Any CPU
		{FED1EE35-3EAC-47BA-9125-4B99A944C577}.Integration|x64.Build.0 = Debug|Any CPU
		{FED1EE35-3EAC-47BA-9125-4B99A944C577}.Integration|x86.ActiveCfg = Debug|Any CPU
		{FED1EE35-3EAC-47BA-9125-4B99A944C577}.Integration|x86.Build.0 = Debug|Any CPU
		{FED1EE35-3EAC-47BA-9125-4B99A944C577}.Release|Any CPU.ActiveCfg = Release|Any CPU
		{FED1EE35-3EAC-47BA-9125-4B99A944C577}.Release|Any CPU.Build.0 = Release|Any CPU
		{FED1EE35-3EAC-47BA-9125-4B99A944C577}.Release|x64.ActiveCfg = Release|Any CPU
		{FED1EE35-3EAC-47BA-9125-4B99A944C577}.Release|x64.Build.0 = Release|Any CPU
		{FED1EE35-3EAC-47BA-9125-4B99A944C577}.Release|x86.ActiveCfg = Release|Any CPU
		{FED1EE35-3EAC-47BA-9125-4B99A944C577}.Release|x86.Build.0 = Release|Any CPU
		{4B92FC46-E4FD-4581-B4B4-B2CD4FD06A30}.Debug|Any CPU.ActiveCfg = Debug|Any CPU
		{4B92FC46-E4FD-4581-B4B4-B2CD4FD06A30}.Debug|Any CPU.Build.0 = Debug|Any CPU
		{4B92FC46-E4FD-4581-B4B4-B2CD4FD06A30}.Debug|x64.ActiveCfg = Debug|Any CPU
		{4B92FC46-E4FD-4581-B4B4-B2CD4FD06A30}.Debug|x64.Build.0 = Debug|Any CPU
		{4B92FC46-E4FD-4581-B4B4-B2CD4FD06A30}.Debug|x86.ActiveCfg = Debug|Any CPU
		{4B92FC46-E4FD-4581-B4B4-B2CD4FD06A30}.Debug|x86.Build.0 = Debug|Any CPU
		{4B92FC46-E4FD-4581-B4B4-B2CD4FD06A30}.Integration|Any CPU.ActiveCfg = Release|Any CPU
		{4B92FC46-E4FD-4581-B4B4-B2CD4FD06A30}.Integration|Any CPU.Build.0 = Release|Any CPU
		{4B92FC46-E4FD-4581-B4B4-B2CD4FD06A30}.Integration|x64.ActiveCfg = Release|Any CPU
		{4B92FC46-E4FD-4581-B4B4-B2CD4FD06A30}.Integration|x64.Build.0 = Release|Any CPU
		{4B92FC46-E4FD-4581-B4B4-B2CD4FD06A30}.Integration|x86.ActiveCfg = Release|Any CPU
		{4B92FC46-E4FD-4581-B4B4-B2CD4FD06A30}.Integration|x86.Build.0 = Release|Any CPU
		{4B92FC46-E4FD-4581-B4B4-B2CD4FD06A30}.Release|Any CPU.ActiveCfg = Release|Any CPU
		{4B92FC46-E4FD-4581-B4B4-B2CD4FD06A30}.Release|Any CPU.Build.0 = Release|Any CPU
		{4B92FC46-E4FD-4581-B4B4-B2CD4FD06A30}.Release|x64.ActiveCfg = Release|Any CPU
		{4B92FC46-E4FD-4581-B4B4-B2CD4FD06A30}.Release|x64.Build.0 = Release|Any CPU
		{4B92FC46-E4FD-4581-B4B4-B2CD4FD06A30}.Release|x86.ActiveCfg = Release|Any CPU
		{4B92FC46-E4FD-4581-B4B4-B2CD4FD06A30}.Release|x86.Build.0 = Release|Any CPU
		{E1EA3CB6-4AEF-4DC6-8FCE-7ECBCD2A54FF}.Debug|Any CPU.ActiveCfg = Debug|Any CPU
		{E1EA3CB6-4AEF-4DC6-8FCE-7ECBCD2A54FF}.Debug|Any CPU.Build.0 = Debug|Any CPU
		{E1EA3CB6-4AEF-4DC6-8FCE-7ECBCD2A54FF}.Debug|x64.ActiveCfg = Debug|Any CPU
		{E1EA3CB6-4AEF-4DC6-8FCE-7ECBCD2A54FF}.Debug|x64.Build.0 = Debug|Any CPU
		{E1EA3CB6-4AEF-4DC6-8FCE-7ECBCD2A54FF}.Debug|x86.ActiveCfg = Debug|Any CPU
		{E1EA3CB6-4AEF-4DC6-8FCE-7ECBCD2A54FF}.Debug|x86.Build.0 = Debug|Any CPU
		{E1EA3CB6-4AEF-4DC6-8FCE-7ECBCD2A54FF}.Integration|Any CPU.ActiveCfg = Release|Any CPU
		{E1EA3CB6-4AEF-4DC6-8FCE-7ECBCD2A54FF}.Integration|Any CPU.Build.0 = Release|Any CPU
		{E1EA3CB6-4AEF-4DC6-8FCE-7ECBCD2A54FF}.Integration|x64.ActiveCfg = Release|Any CPU
		{E1EA3CB6-4AEF-4DC6-8FCE-7ECBCD2A54FF}.Integration|x64.Build.0 = Release|Any CPU
		{E1EA3CB6-4AEF-4DC6-8FCE-7ECBCD2A54FF}.Integration|x86.ActiveCfg = Release|Any CPU
		{E1EA3CB6-4AEF-4DC6-8FCE-7ECBCD2A54FF}.Integration|x86.Build.0 = Release|Any CPU
		{E1EA3CB6-4AEF-4DC6-8FCE-7ECBCD2A54FF}.Release|Any CPU.ActiveCfg = Release|Any CPU
		{E1EA3CB6-4AEF-4DC6-8FCE-7ECBCD2A54FF}.Release|Any CPU.Build.0 = Release|Any CPU
		{E1EA3CB6-4AEF-4DC6-8FCE-7ECBCD2A54FF}.Release|x64.ActiveCfg = Release|Any CPU
		{E1EA3CB6-4AEF-4DC6-8FCE-7ECBCD2A54FF}.Release|x64.Build.0 = Release|Any CPU
		{E1EA3CB6-4AEF-4DC6-8FCE-7ECBCD2A54FF}.Release|x86.ActiveCfg = Release|Any CPU
		{E1EA3CB6-4AEF-4DC6-8FCE-7ECBCD2A54FF}.Release|x86.Build.0 = Release|Any CPU
		{02129813-B7EB-4C7E-AEBA-F7C5D40071F9}.Debug|Any CPU.ActiveCfg = Debug|Any CPU
		{02129813-B7EB-4C7E-AEBA-F7C5D40071F9}.Debug|Any CPU.Build.0 = Debug|Any CPU
		{02129813-B7EB-4C7E-AEBA-F7C5D40071F9}.Debug|x64.ActiveCfg = Debug|Any CPU
		{02129813-B7EB-4C7E-AEBA-F7C5D40071F9}.Debug|x64.Build.0 = Debug|Any CPU
		{02129813-B7EB-4C7E-AEBA-F7C5D40071F9}.Debug|x86.ActiveCfg = Debug|Any CPU
		{02129813-B7EB-4C7E-AEBA-F7C5D40071F9}.Debug|x86.Build.0 = Debug|Any CPU
		{02129813-B7EB-4C7E-AEBA-F7C5D40071F9}.Integration|Any CPU.ActiveCfg = Release|Any CPU
		{02129813-B7EB-4C7E-AEBA-F7C5D40071F9}.Integration|Any CPU.Build.0 = Release|Any CPU
		{02129813-B7EB-4C7E-AEBA-F7C5D40071F9}.Integration|x64.ActiveCfg = Release|Any CPU
		{02129813-B7EB-4C7E-AEBA-F7C5D40071F9}.Integration|x64.Build.0 = Release|Any CPU
		{02129813-B7EB-4C7E-AEBA-F7C5D40071F9}.Integration|x86.ActiveCfg = Release|Any CPU
		{02129813-B7EB-4C7E-AEBA-F7C5D40071F9}.Integration|x86.Build.0 = Release|Any CPU
		{02129813-B7EB-4C7E-AEBA-F7C5D40071F9}.Release|Any CPU.ActiveCfg = Release|Any CPU
		{02129813-B7EB-4C7E-AEBA-F7C5D40071F9}.Release|Any CPU.Build.0 = Release|Any CPU
		{02129813-B7EB-4C7E-AEBA-F7C5D40071F9}.Release|x64.ActiveCfg = Release|Any CPU
		{02129813-B7EB-4C7E-AEBA-F7C5D40071F9}.Release|x64.Build.0 = Release|Any CPU
		{02129813-B7EB-4C7E-AEBA-F7C5D40071F9}.Release|x86.ActiveCfg = Release|Any CPU
		{02129813-B7EB-4C7E-AEBA-F7C5D40071F9}.Release|x86.Build.0 = Release|Any CPU
		{1BF427DA-0965-4F8E-BFEB-439DCD3228B0}.Debug|Any CPU.ActiveCfg = Debug|Any CPU
		{1BF427DA-0965-4F8E-BFEB-439DCD3228B0}.Debug|Any CPU.Build.0 = Debug|Any CPU
		{1BF427DA-0965-4F8E-BFEB-439DCD3228B0}.Debug|x64.ActiveCfg = Debug|Any CPU
		{1BF427DA-0965-4F8E-BFEB-439DCD3228B0}.Debug|x64.Build.0 = Debug|Any CPU
		{1BF427DA-0965-4F8E-BFEB-439DCD3228B0}.Debug|x86.ActiveCfg = Debug|Any CPU
		{1BF427DA-0965-4F8E-BFEB-439DCD3228B0}.Debug|x86.Build.0 = Debug|Any CPU
		{1BF427DA-0965-4F8E-BFEB-439DCD3228B0}.Integration|Any CPU.ActiveCfg = Release|Any CPU
		{1BF427DA-0965-4F8E-BFEB-439DCD3228B0}.Integration|Any CPU.Build.0 = Release|Any CPU
		{1BF427DA-0965-4F8E-BFEB-439DCD3228B0}.Integration|x64.ActiveCfg = Release|Any CPU
		{1BF427DA-0965-4F8E-BFEB-439DCD3228B0}.Integration|x64.Build.0 = Release|Any CPU
		{1BF427DA-0965-4F8E-BFEB-439DCD3228B0}.Integration|x86.ActiveCfg = Release|Any CPU
		{1BF427DA-0965-4F8E-BFEB-439DCD3228B0}.Integration|x86.Build.0 = Release|Any CPU
		{1BF427DA-0965-4F8E-BFEB-439DCD3228B0}.Release|Any CPU.ActiveCfg = Release|Any CPU
		{1BF427DA-0965-4F8E-BFEB-439DCD3228B0}.Release|Any CPU.Build.0 = Release|Any CPU
		{1BF427DA-0965-4F8E-BFEB-439DCD3228B0}.Release|x64.ActiveCfg = Release|Any CPU
		{1BF427DA-0965-4F8E-BFEB-439DCD3228B0}.Release|x64.Build.0 = Release|Any CPU
		{1BF427DA-0965-4F8E-BFEB-439DCD3228B0}.Release|x86.ActiveCfg = Release|Any CPU
		{1BF427DA-0965-4F8E-BFEB-439DCD3228B0}.Release|x86.Build.0 = Release|Any CPU
		{1B9DCC2C-E251-427A-AE6F-B951A4B362F8}.Debug|Any CPU.ActiveCfg = Debug|Any CPU
		{1B9DCC2C-E251-427A-AE6F-B951A4B362F8}.Debug|Any CPU.Build.0 = Debug|Any CPU
		{1B9DCC2C-E251-427A-AE6F-B951A4B362F8}.Debug|x64.ActiveCfg = Debug|Any CPU
		{1B9DCC2C-E251-427A-AE6F-B951A4B362F8}.Debug|x64.Build.0 = Debug|Any CPU
		{1B9DCC2C-E251-427A-AE6F-B951A4B362F8}.Debug|x86.ActiveCfg = Debug|Any CPU
		{1B9DCC2C-E251-427A-AE6F-B951A4B362F8}.Debug|x86.Build.0 = Debug|Any CPU
		{1B9DCC2C-E251-427A-AE6F-B951A4B362F8}.Integration|Any CPU.ActiveCfg = Debug|Any CPU
		{1B9DCC2C-E251-427A-AE6F-B951A4B362F8}.Integration|Any CPU.Build.0 = Debug|Any CPU
		{1B9DCC2C-E251-427A-AE6F-B951A4B362F8}.Integration|x64.ActiveCfg = Debug|Any CPU
		{1B9DCC2C-E251-427A-AE6F-B951A4B362F8}.Integration|x64.Build.0 = Debug|Any CPU
		{1B9DCC2C-E251-427A-AE6F-B951A4B362F8}.Integration|x86.ActiveCfg = Debug|Any CPU
		{1B9DCC2C-E251-427A-AE6F-B951A4B362F8}.Integration|x86.Build.0 = Debug|Any CPU
		{1B9DCC2C-E251-427A-AE6F-B951A4B362F8}.Release|Any CPU.ActiveCfg = Release|Any CPU
		{1B9DCC2C-E251-427A-AE6F-B951A4B362F8}.Release|Any CPU.Build.0 = Release|Any CPU
		{1B9DCC2C-E251-427A-AE6F-B951A4B362F8}.Release|x64.ActiveCfg = Release|Any CPU
		{1B9DCC2C-E251-427A-AE6F-B951A4B362F8}.Release|x64.Build.0 = Release|Any CPU
		{1B9DCC2C-E251-427A-AE6F-B951A4B362F8}.Release|x86.ActiveCfg = Release|Any CPU
		{1B9DCC2C-E251-427A-AE6F-B951A4B362F8}.Release|x86.Build.0 = Release|Any CPU
		{016D4F7F-188B-45EB-B32A-6E65B35B90FB}.Debug|Any CPU.ActiveCfg = Debug|Any CPU
		{016D4F7F-188B-45EB-B32A-6E65B35B90FB}.Debug|Any CPU.Build.0 = Debug|Any CPU
		{016D4F7F-188B-45EB-B32A-6E65B35B90FB}.Debug|x64.ActiveCfg = Debug|Any CPU
		{016D4F7F-188B-45EB-B32A-6E65B35B90FB}.Debug|x64.Build.0 = Debug|Any CPU
		{016D4F7F-188B-45EB-B32A-6E65B35B90FB}.Debug|x86.ActiveCfg = Debug|Any CPU
		{016D4F7F-188B-45EB-B32A-6E65B35B90FB}.Debug|x86.Build.0 = Debug|Any CPU
		{016D4F7F-188B-45EB-B32A-6E65B35B90FB}.Integration|Any CPU.ActiveCfg = Debug|Any CPU
		{016D4F7F-188B-45EB-B32A-6E65B35B90FB}.Integration|Any CPU.Build.0 = Debug|Any CPU
		{016D4F7F-188B-45EB-B32A-6E65B35B90FB}.Integration|x64.ActiveCfg = Debug|Any CPU
		{016D4F7F-188B-45EB-B32A-6E65B35B90FB}.Integration|x64.Build.0 = Debug|Any CPU
		{016D4F7F-188B-45EB-B32A-6E65B35B90FB}.Integration|x86.ActiveCfg = Debug|Any CPU
		{016D4F7F-188B-45EB-B32A-6E65B35B90FB}.Integration|x86.Build.0 = Debug|Any CPU
		{016D4F7F-188B-45EB-B32A-6E65B35B90FB}.Release|Any CPU.ActiveCfg = Release|Any CPU
		{016D4F7F-188B-45EB-B32A-6E65B35B90FB}.Release|Any CPU.Build.0 = Release|Any CPU
		{016D4F7F-188B-45EB-B32A-6E65B35B90FB}.Release|x64.ActiveCfg = Release|Any CPU
		{016D4F7F-188B-45EB-B32A-6E65B35B90FB}.Release|x64.Build.0 = Release|Any CPU
		{016D4F7F-188B-45EB-B32A-6E65B35B90FB}.Release|x86.ActiveCfg = Release|Any CPU
		{016D4F7F-188B-45EB-B32A-6E65B35B90FB}.Release|x86.Build.0 = Release|Any CPU
		{F61E3C35-A03E-4561-B0BB-97D2851BBD70}.Debug|Any CPU.ActiveCfg = Debug|Any CPU
		{F61E3C35-A03E-4561-B0BB-97D2851BBD70}.Debug|Any CPU.Build.0 = Debug|Any CPU
		{F61E3C35-A03E-4561-B0BB-97D2851BBD70}.Debug|x64.ActiveCfg = Debug|Any CPU
		{F61E3C35-A03E-4561-B0BB-97D2851BBD70}.Debug|x64.Build.0 = Debug|Any CPU
		{F61E3C35-A03E-4561-B0BB-97D2851BBD70}.Debug|x86.ActiveCfg = Debug|Any CPU
		{F61E3C35-A03E-4561-B0BB-97D2851BBD70}.Debug|x86.Build.0 = Debug|Any CPU
		{F61E3C35-A03E-4561-B0BB-97D2851BBD70}.Integration|Any CPU.ActiveCfg = Debug|Any CPU
		{F61E3C35-A03E-4561-B0BB-97D2851BBD70}.Integration|Any CPU.Build.0 = Debug|Any CPU
		{F61E3C35-A03E-4561-B0BB-97D2851BBD70}.Integration|x64.ActiveCfg = Debug|Any CPU
		{F61E3C35-A03E-4561-B0BB-97D2851BBD70}.Integration|x64.Build.0 = Debug|Any CPU
		{F61E3C35-A03E-4561-B0BB-97D2851BBD70}.Integration|x86.ActiveCfg = Debug|Any CPU
		{F61E3C35-A03E-4561-B0BB-97D2851BBD70}.Integration|x86.Build.0 = Debug|Any CPU
		{F61E3C35-A03E-4561-B0BB-97D2851BBD70}.Release|Any CPU.ActiveCfg = Release|Any CPU
		{F61E3C35-A03E-4561-B0BB-97D2851BBD70}.Release|Any CPU.Build.0 = Release|Any CPU
		{F61E3C35-A03E-4561-B0BB-97D2851BBD70}.Release|x64.ActiveCfg = Release|Any CPU
		{F61E3C35-A03E-4561-B0BB-97D2851BBD70}.Release|x64.Build.0 = Release|Any CPU
		{F61E3C35-A03E-4561-B0BB-97D2851BBD70}.Release|x86.ActiveCfg = Release|Any CPU
		{F61E3C35-A03E-4561-B0BB-97D2851BBD70}.Release|x86.Build.0 = Release|Any CPU
		{87960BA6-67D0-4005-9EAC-59FEDB5610E8}.Debug|Any CPU.ActiveCfg = Debug|Any CPU
		{87960BA6-67D0-4005-9EAC-59FEDB5610E8}.Debug|Any CPU.Build.0 = Debug|Any CPU
		{87960BA6-67D0-4005-9EAC-59FEDB5610E8}.Debug|x64.ActiveCfg = Debug|Any CPU
		{87960BA6-67D0-4005-9EAC-59FEDB5610E8}.Debug|x64.Build.0 = Debug|Any CPU
		{87960BA6-67D0-4005-9EAC-59FEDB5610E8}.Debug|x86.ActiveCfg = Debug|Any CPU
		{87960BA6-67D0-4005-9EAC-59FEDB5610E8}.Debug|x86.Build.0 = Debug|Any CPU
		{87960BA6-67D0-4005-9EAC-59FEDB5610E8}.Integration|Any CPU.ActiveCfg = Debug|Any CPU
		{87960BA6-67D0-4005-9EAC-59FEDB5610E8}.Integration|Any CPU.Build.0 = Debug|Any CPU
		{87960BA6-67D0-4005-9EAC-59FEDB5610E8}.Integration|x64.ActiveCfg = Debug|Any CPU
		{87960BA6-67D0-4005-9EAC-59FEDB5610E8}.Integration|x64.Build.0 = Debug|Any CPU
		{87960BA6-67D0-4005-9EAC-59FEDB5610E8}.Integration|x86.ActiveCfg = Debug|Any CPU
		{87960BA6-67D0-4005-9EAC-59FEDB5610E8}.Integration|x86.Build.0 = Debug|Any CPU
		{87960BA6-67D0-4005-9EAC-59FEDB5610E8}.Release|Any CPU.ActiveCfg = Release|Any CPU
		{87960BA6-67D0-4005-9EAC-59FEDB5610E8}.Release|Any CPU.Build.0 = Release|Any CPU
		{87960BA6-67D0-4005-9EAC-59FEDB5610E8}.Release|x64.ActiveCfg = Release|Any CPU
		{87960BA6-67D0-4005-9EAC-59FEDB5610E8}.Release|x64.Build.0 = Release|Any CPU
		{87960BA6-67D0-4005-9EAC-59FEDB5610E8}.Release|x86.ActiveCfg = Release|Any CPU
		{87960BA6-67D0-4005-9EAC-59FEDB5610E8}.Release|x86.Build.0 = Release|Any CPU
		{5458C8C7-4738-4FC6-A9CE-AC25F049B9EB}.Debug|Any CPU.ActiveCfg = Debug|Any CPU
		{5458C8C7-4738-4FC6-A9CE-AC25F049B9EB}.Debug|Any CPU.Build.0 = Debug|Any CPU
		{5458C8C7-4738-4FC6-A9CE-AC25F049B9EB}.Debug|x64.ActiveCfg = Debug|Any CPU
		{5458C8C7-4738-4FC6-A9CE-AC25F049B9EB}.Debug|x64.Build.0 = Debug|Any CPU
		{5458C8C7-4738-4FC6-A9CE-AC25F049B9EB}.Debug|x86.ActiveCfg = Debug|Any CPU
		{5458C8C7-4738-4FC6-A9CE-AC25F049B9EB}.Debug|x86.Build.0 = Debug|Any CPU
		{5458C8C7-4738-4FC6-A9CE-AC25F049B9EB}.Integration|Any CPU.ActiveCfg = Debug|Any CPU
		{5458C8C7-4738-4FC6-A9CE-AC25F049B9EB}.Integration|Any CPU.Build.0 = Debug|Any CPU
		{5458C8C7-4738-4FC6-A9CE-AC25F049B9EB}.Integration|x64.ActiveCfg = Debug|Any CPU
		{5458C8C7-4738-4FC6-A9CE-AC25F049B9EB}.Integration|x64.Build.0 = Debug|Any CPU
		{5458C8C7-4738-4FC6-A9CE-AC25F049B9EB}.Integration|x86.ActiveCfg = Debug|Any CPU
		{5458C8C7-4738-4FC6-A9CE-AC25F049B9EB}.Integration|x86.Build.0 = Debug|Any CPU
		{5458C8C7-4738-4FC6-A9CE-AC25F049B9EB}.Release|Any CPU.ActiveCfg = Release|Any CPU
		{5458C8C7-4738-4FC6-A9CE-AC25F049B9EB}.Release|Any CPU.Build.0 = Release|Any CPU
		{5458C8C7-4738-4FC6-A9CE-AC25F049B9EB}.Release|x64.ActiveCfg = Release|Any CPU
		{5458C8C7-4738-4FC6-A9CE-AC25F049B9EB}.Release|x64.Build.0 = Release|Any CPU
		{5458C8C7-4738-4FC6-A9CE-AC25F049B9EB}.Release|x86.ActiveCfg = Release|Any CPU
		{5458C8C7-4738-4FC6-A9CE-AC25F049B9EB}.Release|x86.Build.0 = Release|Any CPU
		{D7FD82E1-9AD6-4B8B-902D-9C614F4CCB4C}.Debug|Any CPU.ActiveCfg = Debug|Any CPU
		{D7FD82E1-9AD6-4B8B-902D-9C614F4CCB4C}.Debug|Any CPU.Build.0 = Debug|Any CPU
		{D7FD82E1-9AD6-4B8B-902D-9C614F4CCB4C}.Debug|x64.ActiveCfg = Debug|Any CPU
		{D7FD82E1-9AD6-4B8B-902D-9C614F4CCB4C}.Debug|x64.Build.0 = Debug|Any CPU
		{D7FD82E1-9AD6-4B8B-902D-9C614F4CCB4C}.Debug|x86.ActiveCfg = Debug|Any CPU
		{D7FD82E1-9AD6-4B8B-902D-9C614F4CCB4C}.Debug|x86.Build.0 = Debug|Any CPU
		{D7FD82E1-9AD6-4B8B-902D-9C614F4CCB4C}.Integration|Any CPU.ActiveCfg = Debug|Any CPU
		{D7FD82E1-9AD6-4B8B-902D-9C614F4CCB4C}.Integration|Any CPU.Build.0 = Debug|Any CPU
		{D7FD82E1-9AD6-4B8B-902D-9C614F4CCB4C}.Integration|x64.ActiveCfg = Debug|Any CPU
		{D7FD82E1-9AD6-4B8B-902D-9C614F4CCB4C}.Integration|x64.Build.0 = Debug|Any CPU
		{D7FD82E1-9AD6-4B8B-902D-9C614F4CCB4C}.Integration|x86.ActiveCfg = Debug|Any CPU
		{D7FD82E1-9AD6-4B8B-902D-9C614F4CCB4C}.Integration|x86.Build.0 = Debug|Any CPU
		{D7FD82E1-9AD6-4B8B-902D-9C614F4CCB4C}.Release|Any CPU.ActiveCfg = Release|Any CPU
		{D7FD82E1-9AD6-4B8B-902D-9C614F4CCB4C}.Release|Any CPU.Build.0 = Release|Any CPU
		{D7FD82E1-9AD6-4B8B-902D-9C614F4CCB4C}.Release|x64.ActiveCfg = Release|Any CPU
		{D7FD82E1-9AD6-4B8B-902D-9C614F4CCB4C}.Release|x64.Build.0 = Release|Any CPU
		{D7FD82E1-9AD6-4B8B-902D-9C614F4CCB4C}.Release|x86.ActiveCfg = Release|Any CPU
		{D7FD82E1-9AD6-4B8B-902D-9C614F4CCB4C}.Release|x86.Build.0 = Release|Any CPU
		{768DE1E1-0B8B-4D71-81F7-9F3C9C988B49}.Debug|Any CPU.ActiveCfg = Debug|Any CPU
		{768DE1E1-0B8B-4D71-81F7-9F3C9C988B49}.Debug|Any CPU.Build.0 = Debug|Any CPU
		{768DE1E1-0B8B-4D71-81F7-9F3C9C988B49}.Debug|x64.ActiveCfg = Debug|Any CPU
		{768DE1E1-0B8B-4D71-81F7-9F3C9C988B49}.Debug|x64.Build.0 = Debug|Any CPU
		{768DE1E1-0B8B-4D71-81F7-9F3C9C988B49}.Debug|x86.ActiveCfg = Debug|Any CPU
		{768DE1E1-0B8B-4D71-81F7-9F3C9C988B49}.Debug|x86.Build.0 = Debug|Any CPU
		{768DE1E1-0B8B-4D71-81F7-9F3C9C988B49}.Integration|Any CPU.ActiveCfg = Debug|Any CPU
		{768DE1E1-0B8B-4D71-81F7-9F3C9C988B49}.Integration|Any CPU.Build.0 = Debug|Any CPU
		{768DE1E1-0B8B-4D71-81F7-9F3C9C988B49}.Integration|x64.ActiveCfg = Debug|Any CPU
		{768DE1E1-0B8B-4D71-81F7-9F3C9C988B49}.Integration|x64.Build.0 = Debug|Any CPU
		{768DE1E1-0B8B-4D71-81F7-9F3C9C988B49}.Integration|x86.ActiveCfg = Debug|Any CPU
		{768DE1E1-0B8B-4D71-81F7-9F3C9C988B49}.Integration|x86.Build.0 = Debug|Any CPU
		{768DE1E1-0B8B-4D71-81F7-9F3C9C988B49}.Release|Any CPU.ActiveCfg = Release|Any CPU
		{768DE1E1-0B8B-4D71-81F7-9F3C9C988B49}.Release|Any CPU.Build.0 = Release|Any CPU
		{768DE1E1-0B8B-4D71-81F7-9F3C9C988B49}.Release|x64.ActiveCfg = Release|Any CPU
		{768DE1E1-0B8B-4D71-81F7-9F3C9C988B49}.Release|x64.Build.0 = Release|Any CPU
		{768DE1E1-0B8B-4D71-81F7-9F3C9C988B49}.Release|x86.ActiveCfg = Release|Any CPU
		{768DE1E1-0B8B-4D71-81F7-9F3C9C988B49}.Release|x86.Build.0 = Release|Any CPU
	EndGlobalSection
	GlobalSection(SolutionProperties) = preSolution
		HideSolutionNode = FALSE
	EndGlobalSection
	GlobalSection(NestedProjects) = preSolution
		{FFD7041D-BA33-46D3-B3FE-C1A4816E12FD} = {52FF150F-C8B1-48B4-A467-CE19622CDF1A}
		{665EF3BF-178F-4CAA-B454-5D4FD9EB0654} = {1C294858-2AFE-4EFE-B5BF-11643EF735EE}
		{23AF6D83-93A1-47BD-8FA2-50E0FDC29090} = {52FF150F-C8B1-48B4-A467-CE19622CDF1A}
		{5A404E73-E592-43CB-9088-BA4EE50591F3} = {7768DF10-5F24-44B4-8DF9-187F160C4D3A}
		{4C49DFF1-1B3B-41DB-A6D0-C2C8BA0468DE} = {A9B2E731-E8B4-43A1-97B6-88517E1AA362}
		{8AF3ECAB-3E1F-485E-960E-05C7826E6617} = {73ECCF83-E00B-4074-A2C8-B18CE16446D8}
		{6310C969-8EB2-4ADA-8A27-9BE8A89E0B46} = {A0DFB82C-D746-4443-8C1B-7AB2DF36EF85}
		{E1C3CA59-38DE-4D7F-9A4B-E3A9722AC608} = {A0DFB82C-D746-4443-8C1B-7AB2DF36EF85}
		{8557C084-3EF0-4591-821A-62DEDABC8982} = {A0DFB82C-D746-4443-8C1B-7AB2DF36EF85}
		{AE6FADE4-B818-4537-B4CC-86B530784A4B} = {BA8B1C74-F8F1-4AE1-8037-2E843A8DDC92}
		{52B52332-516C-459E-A6AC-0D8A4EF76AEA} = {A9B2E731-E8B4-43A1-97B6-88517E1AA362}
		{F312AAE5-EEB3-4978-A1B0-1A75DDD7E980} = {A9B2E731-E8B4-43A1-97B6-88517E1AA362}
		{A71E8BB2-47E4-4094-9C14-13F266B87D53} = {A9B2E731-E8B4-43A1-97B6-88517E1AA362}
		{D0269FBA-F76A-4DB8-A92E-65CBCB62F89D} = {A9B2E731-E8B4-43A1-97B6-88517E1AA362}
		{6D66D6C4-8860-4434-86A3-AF8F3B04B3FF} = {A9B2E731-E8B4-43A1-97B6-88517E1AA362}
		{F09D6742-74DE-4339-A880-AEF82137C2B8} = {A9B2E731-E8B4-43A1-97B6-88517E1AA362}
		{9515E026-9216-4407-8A42-F40CBB88EEF2} = {A9B2E731-E8B4-43A1-97B6-88517E1AA362}
		{C0F0BBC4-107E-4655-B09C-8D36BFEEEB80} = {A9B2E731-E8B4-43A1-97B6-88517E1AA362}
		{8703F543-285A-428B-92BC-2AC301F6C0BB} = {A9B2E731-E8B4-43A1-97B6-88517E1AA362}
		{08E74EC3-F2DC-4F3E-99B9-B7337D65D92A} = {A9B2E731-E8B4-43A1-97B6-88517E1AA362}
		{FED1EE35-3EAC-47BA-9125-4B99A944C577} = {A0DFB82C-D746-4443-8C1B-7AB2DF36EF85}
		{533AC4D0-87C7-4372-ACA7-F37023836EDA} = {A0DFB82C-D746-4443-8C1B-7AB2DF36EF85}
		{4B92FC46-E4FD-4581-B4B4-B2CD4FD06A30} = {533AC4D0-87C7-4372-ACA7-F37023836EDA}
		{E1EA3CB6-4AEF-4DC6-8FCE-7ECBCD2A54FF} = {533AC4D0-87C7-4372-ACA7-F37023836EDA}
		{02129813-B7EB-4C7E-AEBA-F7C5D40071F9} = {533AC4D0-87C7-4372-ACA7-F37023836EDA}
		{1BF427DA-0965-4F8E-BFEB-439DCD3228B0} = {533AC4D0-87C7-4372-ACA7-F37023836EDA}
		{1B9DCC2C-E251-427A-AE6F-B951A4B362F8} = {D85A2D0B-5D20-4C0F-B06F-D688EFAD1624}
		{016D4F7F-188B-45EB-B32A-6E65B35B90FB} = {DC75F15F-D89D-45C6-8918-460F3C934FFE}
		{F61E3C35-A03E-4561-B0BB-97D2851BBD70} = {1C294858-2AFE-4EFE-B5BF-11643EF735EE}
		{87960BA6-67D0-4005-9EAC-59FEDB5610E8} = {A0DFB82C-D746-4443-8C1B-7AB2DF36EF85}
		{5458C8C7-4738-4FC6-A9CE-AC25F049B9EB} = {A9B2E731-E8B4-43A1-97B6-88517E1AA362}
		{D7FD82E1-9AD6-4B8B-902D-9C614F4CCB4C} = {52FF150F-C8B1-48B4-A467-CE19622CDF1A}
		{768DE1E1-0B8B-4D71-81F7-9F3C9C988B49} = {A0DFB82C-D746-4443-8C1B-7AB2DF36EF85}
	EndGlobalSection
	GlobalSection(ExtensibilityGlobals) = postSolution
		EnterpriseLibraryConfigurationToolBinariesPath = packages\Unity.2.1.505.2\lib\NET35
		SolutionGuid = {98DDB08A-700A-4572-905F-A7DBB5ECED71}
	EndGlobalSection
EndGlobal
