
Microsoft Visual Studio Solution File, Format Version 12.00
# Visual Studio 15
VisualStudioVersion = 15.0.27130.2026
MinimumVisualStudioVersion = 10.0.40219.1
Project("{9A19103F-16F7-4668-BE54-9A1E7A4F7556}") = "IFramework", "IFramework\IFramework.csproj", "{F0F5C709-5ADC-438A-B8C4-1E3BDDD8D228}"
EndProject
Project("{9A19103F-16F7-4668-BE54-9A1E7A4F7556}") = "IFramework.DependencyInjection.Microsoft", "iFramework.Plugins\IFramework.Microsoft.DependencyInjection\IFramework.DependencyInjection.Microsoft.csproj", "{FFD7041D-BA33-46D3-B3FE-C1A4816E12FD}"
EndProject
Project("{9A19103F-16F7-4668-BE54-9A1E7A4F7556}") = "IFramework.Test", "IFramework.Test\IFramework.Test.csproj", "{665EF3BF-178F-4CAA-B454-5D4FD9EB0654}"
EndProject
Project("{9A19103F-16F7-4668-BE54-9A1E7A4F7556}") = "IFramework.DependencyInjection.Autofac", "iFramework.Plugins\IFramework.DependencyInjection.Autofac\IFramework.DependencyInjection.Autofac.csproj", "{23AF6D83-93A1-47BD-8FA2-50E0FDC29090}"
EndProject
Project("{2150E333-8FDC-42A3-9474-1A3956D46DE8}") = "DI", "DI", "{52FF150F-C8B1-48B4-A467-CE19622CDF1A}"
EndProject
Project("{2150E333-8FDC-42A3-9474-1A3956D46DE8}") = "DAL", "DAL", "{7768DF10-5F24-44B4-8DF9-187F160C4D3A}"
EndProject
Project("{9A19103F-16F7-4668-BE54-9A1E7A4F7556}") = "IFramework.EntityFrameworkCore", "iFramework.Plugins\IFramework.EntityFrameworkCore\IFramework.EntityFrameworkCore.csproj", "{5A404E73-E592-43CB-9088-BA4EE50591F3}"
EndProject
Global
	GlobalSection(SolutionConfigurationPlatforms) = preSolution
		Debug|Any CPU = Debug|Any CPU
		Debug|x64 = Debug|x64
		Debug|x86 = Debug|x86
		Integration|Any CPU = Integration|Any CPU
		Integration|x64 = Integration|x64
		Integration|x86 = Integration|x86
		Release|Any CPU = Release|Any CPU
		Release|x64 = Release|x64
		Release|x86 = Release|x86
	EndGlobalSection
	GlobalSection(ProjectConfigurationPlatforms) = postSolution
		{F0F5C709-5ADC-438A-B8C4-1E3BDDD8D228}.Debug|Any CPU.ActiveCfg = Debug|Any CPU
		{F0F5C709-5ADC-438A-B8C4-1E3BDDD8D228}.Debug|Any CPU.Build.0 = Debug|Any CPU
		{F0F5C709-5ADC-438A-B8C4-1E3BDDD8D228}.Debug|x64.ActiveCfg = Debug|Any CPU
		{F0F5C709-5ADC-438A-B8C4-1E3BDDD8D228}.Debug|x64.Build.0 = Debug|Any CPU
		{F0F5C709-5ADC-438A-B8C4-1E3BDDD8D228}.Debug|x86.ActiveCfg = Debug|Any CPU
		{F0F5C709-5ADC-438A-B8C4-1E3BDDD8D228}.Debug|x86.Build.0 = Debug|Any CPU
		{F0F5C709-5ADC-438A-B8C4-1E3BDDD8D228}.Integration|Any CPU.ActiveCfg = Debug|Any CPU
		{F0F5C709-5ADC-438A-B8C4-1E3BDDD8D228}.Integration|Any CPU.Build.0 = Debug|Any CPU
		{F0F5C709-5ADC-438A-B8C4-1E3BDDD8D228}.Integration|x64.ActiveCfg = Debug|Any CPU
		{F0F5C709-5ADC-438A-B8C4-1E3BDDD8D228}.Integration|x64.Build.0 = Debug|Any CPU
		{F0F5C709-5ADC-438A-B8C4-1E3BDDD8D228}.Integration|x86.ActiveCfg = Debug|Any CPU
		{F0F5C709-5ADC-438A-B8C4-1E3BDDD8D228}.Integration|x86.Build.0 = Debug|Any CPU
		{F0F5C709-5ADC-438A-B8C4-1E3BDDD8D228}.Release|Any CPU.ActiveCfg = Release|Any CPU
		{F0F5C709-5ADC-438A-B8C4-1E3BDDD8D228}.Release|Any CPU.Build.0 = Release|Any CPU
		{F0F5C709-5ADC-438A-B8C4-1E3BDDD8D228}.Release|x64.ActiveCfg = Release|Any CPU
		{F0F5C709-5ADC-438A-B8C4-1E3BDDD8D228}.Release|x64.Build.0 = Release|Any CPU
		{F0F5C709-5ADC-438A-B8C4-1E3BDDD8D228}.Release|x86.ActiveCfg = Release|Any CPU
		{F0F5C709-5ADC-438A-B8C4-1E3BDDD8D228}.Release|x86.Build.0 = Release|Any CPU
		{FFD7041D-BA33-46D3-B3FE-C1A4816E12FD}.Debug|Any CPU.ActiveCfg = Debug|Any CPU
		{FFD7041D-BA33-46D3-B3FE-C1A4816E12FD}.Debug|Any CPU.Build.0 = Debug|Any CPU
		{FFD7041D-BA33-46D3-B3FE-C1A4816E12FD}.Debug|x64.ActiveCfg = Debug|Any CPU
		{FFD7041D-BA33-46D3-B3FE-C1A4816E12FD}.Debug|x64.Build.0 = Debug|Any CPU
		{FFD7041D-BA33-46D3-B3FE-C1A4816E12FD}.Debug|x86.ActiveCfg = Debug|Any CPU
		{FFD7041D-BA33-46D3-B3FE-C1A4816E12FD}.Debug|x86.Build.0 = Debug|Any CPU
		{FFD7041D-BA33-46D3-B3FE-C1A4816E12FD}.Integration|Any CPU.ActiveCfg = Debug|Any CPU
		{FFD7041D-BA33-46D3-B3FE-C1A4816E12FD}.Integration|Any CPU.Build.0 = Debug|Any CPU
		{FFD7041D-BA33-46D3-B3FE-C1A4816E12FD}.Integration|x64.ActiveCfg = Debug|Any CPU
		{FFD7041D-BA33-46D3-B3FE-C1A4816E12FD}.Integration|x64.Build.0 = Debug|Any CPU
		{FFD7041D-BA33-46D3-B3FE-C1A4816E12FD}.Integration|x86.ActiveCfg = Debug|Any CPU
		{FFD7041D-BA33-46D3-B3FE-C1A4816E12FD}.Integration|x86.Build.0 = Debug|Any CPU
		{FFD7041D-BA33-46D3-B3FE-C1A4816E12FD}.Release|Any CPU.ActiveCfg = Release|Any CPU
		{FFD7041D-BA33-46D3-B3FE-C1A4816E12FD}.Release|Any CPU.Build.0 = Release|Any CPU
		{FFD7041D-BA33-46D3-B3FE-C1A4816E12FD}.Release|x64.ActiveCfg = Release|Any CPU
		{FFD7041D-BA33-46D3-B3FE-C1A4816E12FD}.Release|x64.Build.0 = Release|Any CPU
		{FFD7041D-BA33-46D3-B3FE-C1A4816E12FD}.Release|x86.ActiveCfg = Release|Any CPU
		{FFD7041D-BA33-46D3-B3FE-C1A4816E12FD}.Release|x86.Build.0 = Release|Any CPU
		{665EF3BF-178F-4CAA-B454-5D4FD9EB0654}.Debug|Any CPU.ActiveCfg = Debug|Any CPU
		{665EF3BF-178F-4CAA-B454-5D4FD9EB0654}.Debug|Any CPU.Build.0 = Debug|Any CPU
		{665EF3BF-178F-4CAA-B454-5D4FD9EB0654}.Debug|x64.ActiveCfg = Debug|Any CPU
		{665EF3BF-178F-4CAA-B454-5D4FD9EB0654}.Debug|x64.Build.0 = Debug|Any CPU
		{665EF3BF-178F-4CAA-B454-5D4FD9EB0654}.Debug|x86.ActiveCfg = Debug|Any CPU
		{665EF3BF-178F-4CAA-B454-5D4FD9EB0654}.Debug|x86.Build.0 = Debug|Any CPU
		{665EF3BF-178F-4CAA-B454-5D4FD9EB0654}.Integration|Any CPU.ActiveCfg = Debug|Any CPU
		{665EF3BF-178F-4CAA-B454-5D4FD9EB0654}.Integration|Any CPU.Build.0 = Debug|Any CPU
		{665EF3BF-178F-4CAA-B454-5D4FD9EB0654}.Integration|x64.ActiveCfg = Debug|Any CPU
		{665EF3BF-178F-4CAA-B454-5D4FD9EB0654}.Integration|x64.Build.0 = Debug|Any CPU
		{665EF3BF-178F-4CAA-B454-5D4FD9EB0654}.Integration|x86.ActiveCfg = Debug|Any CPU
		{665EF3BF-178F-4CAA-B454-5D4FD9EB0654}.Integration|x86.Build.0 = Debug|Any CPU
		{665EF3BF-178F-4CAA-B454-5D4FD9EB0654}.Release|Any CPU.ActiveCfg = Release|Any CPU
		{665EF3BF-178F-4CAA-B454-5D4FD9EB0654}.Release|Any CPU.Build.0 = Release|Any CPU
		{665EF3BF-178F-4CAA-B454-5D4FD9EB0654}.Release|x64.ActiveCfg = Release|Any CPU
		{665EF3BF-178F-4CAA-B454-5D4FD9EB0654}.Release|x64.Build.0 = Release|Any CPU
		{665EF3BF-178F-4CAA-B454-5D4FD9EB0654}.Release|x86.ActiveCfg = Release|Any CPU
		{665EF3BF-178F-4CAA-B454-5D4FD9EB0654}.Release|x86.Build.0 = Release|Any CPU
		{23AF6D83-93A1-47BD-8FA2-50E0FDC29090}.Debug|Any CPU.ActiveCfg = Debug|Any CPU
		{23AF6D83-93A1-47BD-8FA2-50E0FDC29090}.Debug|Any CPU.Build.0 = Debug|Any CPU
		{23AF6D83-93A1-47BD-8FA2-50E0FDC29090}.Debug|x64.ActiveCfg = Debug|Any CPU
		{23AF6D83-93A1-47BD-8FA2-50E0FDC29090}.Debug|x64.Build.0 = Debug|Any CPU
		{23AF6D83-93A1-47BD-8FA2-50E0FDC29090}.Debug|x86.ActiveCfg = Debug|Any CPU
		{23AF6D83-93A1-47BD-8FA2-50E0FDC29090}.Debug|x86.Build.0 = Debug|Any CPU
		{23AF6D83-93A1-47BD-8FA2-50E0FDC29090}.Integration|Any CPU.ActiveCfg = Debug|Any CPU
		{23AF6D83-93A1-47BD-8FA2-50E0FDC29090}.Integration|Any CPU.Build.0 = Debug|Any CPU
		{23AF6D83-93A1-47BD-8FA2-50E0FDC29090}.Integration|x64.ActiveCfg = Debug|Any CPU
		{23AF6D83-93A1-47BD-8FA2-50E0FDC29090}.Integration|x64.Build.0 = Debug|Any CPU
		{23AF6D83-93A1-47BD-8FA2-50E0FDC29090}.Integration|x86.ActiveCfg = Debug|Any CPU
		{23AF6D83-93A1-47BD-8FA2-50E0FDC29090}.Integration|x86.Build.0 = Debug|Any CPU
		{23AF6D83-93A1-47BD-8FA2-50E0FDC29090}.Release|Any CPU.ActiveCfg = Release|Any CPU
		{23AF6D83-93A1-47BD-8FA2-50E0FDC29090}.Release|Any CPU.Build.0 = Release|Any CPU
		{23AF6D83-93A1-47BD-8FA2-50E0FDC29090}.Release|x64.ActiveCfg = Release|Any CPU
		{23AF6D83-93A1-47BD-8FA2-50E0FDC29090}.Release|x64.Build.0 = Release|Any CPU
		{23AF6D83-93A1-47BD-8FA2-50E0FDC29090}.Release|x86.ActiveCfg = Release|Any CPU
		{23AF6D83-93A1-47BD-8FA2-50E0FDC29090}.Release|x86.Build.0 = Release|Any CPU
		{5A404E73-E592-43CB-9088-BA4EE50591F3}.Debug|Any CPU.ActiveCfg = Debug|Any CPU
		{5A404E73-E592-43CB-9088-BA4EE50591F3}.Debug|Any CPU.Build.0 = Debug|Any CPU
		{5A404E73-E592-43CB-9088-BA4EE50591F3}.Debug|x64.ActiveCfg = Debug|Any CPU
		{5A404E73-E592-43CB-9088-BA4EE50591F3}.Debug|x64.Build.0 = Debug|Any CPU
		{5A404E73-E592-43CB-9088-BA4EE50591F3}.Debug|x86.ActiveCfg = Debug|Any CPU
		{5A404E73-E592-43CB-9088-BA4EE50591F3}.Debug|x86.Build.0 = Debug|Any CPU
		{5A404E73-E592-43CB-9088-BA4EE50591F3}.Integration|Any CPU.ActiveCfg = Debug|Any CPU
		{5A404E73-E592-43CB-9088-BA4EE50591F3}.Integration|Any CPU.Build.0 = Debug|Any CPU
		{5A404E73-E592-43CB-9088-BA4EE50591F3}.Integration|x64.ActiveCfg = Debug|Any CPU
		{5A404E73-E592-43CB-9088-BA4EE50591F3}.Integration|x64.Build.0 = Debug|Any CPU
		{5A404E73-E592-43CB-9088-BA4EE50591F3}.Integration|x86.ActiveCfg = Debug|Any CPU
		{5A404E73-E592-43CB-9088-BA4EE50591F3}.Integration|x86.Build.0 = Debug|Any CPU
		{5A404E73-E592-43CB-9088-BA4EE50591F3}.Release|Any CPU.ActiveCfg = Release|Any CPU
		{5A404E73-E592-43CB-9088-BA4EE50591F3}.Release|Any CPU.Build.0 = Release|Any CPU
		{5A404E73-E592-43CB-9088-BA4EE50591F3}.Release|x64.ActiveCfg = Release|Any CPU
		{5A404E73-E592-43CB-9088-BA4EE50591F3}.Release|x64.Build.0 = Release|Any CPU
		{5A404E73-E592-43CB-9088-BA4EE50591F3}.Release|x86.ActiveCfg = Release|Any CPU
		{5A404E73-E592-43CB-9088-BA4EE50591F3}.Release|x86.Build.0 = Release|Any CPU
	EndGlobalSection
	GlobalSection(SolutionProperties) = preSolution
		HideSolutionNode = FALSE
	EndGlobalSection
	GlobalSection(NestedProjects) = preSolution
		{FFD7041D-BA33-46D3-B3FE-C1A4816E12FD} = {52FF150F-C8B1-48B4-A467-CE19622CDF1A}
		{23AF6D83-93A1-47BD-8FA2-50E0FDC29090} = {52FF150F-C8B1-48B4-A467-CE19622CDF1A}
		{5A404E73-E592-43CB-9088-BA4EE50591F3} = {7768DF10-5F24-44B4-8DF9-187F160C4D3A}
	EndGlobalSection
	GlobalSection(ExtensibilityGlobals) = postSolution
		SolutionGuid = {98DDB08A-700A-4572-905F-A7DBB5ECED71}
		EnterpriseLibraryConfigurationToolBinariesPath = packages\Unity.2.1.505.2\lib\NET35
	EndGlobalSection
EndGlobal
